<?xml version="1.0" encoding="utf-8"?>
<Project ToolsVersion="4.0" xmlns="http://schemas.microsoft.com/developer/msbuild/2003">
  <ItemGroup>
    <Filter Include="Source Files">
      <UniqueIdentifier>{14817bbd-73a8-4337-9aa4-31a3381f40c2}</UniqueIdentifier>
      <Extensions>cpp;c;cxx;rc;def;r;odl;idl;hpj;bat</Extensions>
    </Filter>
    <Filter Include="Header Files">
      <UniqueIdentifier>{2cb4a5e3-7876-4098-81a5-4b91c2ee7983}</UniqueIdentifier>
      <Extensions>h;hpp;hxx;hm;inl</Extensions>
    </Filter>
    <Filter Include="Resource Files">
      <UniqueIdentifier>{2ec1e9bf-3637-4b1a-93cf-a3e59438750d}</UniqueIdentifier>
      <Extensions>ico;cur;bmp;dlg;rc2;rct;bin;rgs;gif;jpg;jpeg;jpe</Extensions>
    </Filter>
  </ItemGroup>
  <ItemGroup>
    <ClCompile Include="cDlgMorphClose.cpp">
      <Filter>Source Files</Filter>
    </ClCompile>
    <ClCompile Include="cDlgMorphDilation.cpp">
      <Filter>Source Files</Filter>
    </ClCompile>
    <ClCompile Include="cDlgMorphErosion.cpp">
      <Filter>Source Files</Filter>
    </ClCompile>
    <ClCompile Include="cDlgMorphOpen.cpp">
      <Filter>Source Files</Filter>
    </ClCompile>
    <ClCompile Include="ChildFrm.cpp">
      <Filter>Source Files</Filter>
    </ClCompile>
    <ClCompile Include="DIPDemo.cpp">
      <Filter>Source Files</Filter>
    </ClCompile>
    <ClCompile Include="DIPDemoDoc.cpp">
      <Filter>Source Files</Filter>
    </ClCompile>
    <ClCompile Include="DIPDemoView.cpp">
      <Filter>Source Files</Filter>
    </ClCompile>
    <ClCompile Include="DlgColor.cpp">
      <Filter>Source Files</Filter>
    </ClCompile>
    <ClCompile Include="DlgEdgeSobelPrewitt.cpp">
      <Filter>Source Files</Filter>
    </ClCompile>
    <ClCompile Include="DlgFreqGaussBRF.cpp">
      <Filter>Source Files</Filter>
    </ClCompile>
    <ClCompile Include="DlgFreqGaussHPF.cpp">
      <Filter>Source Files</Filter>
    </ClCompile>
    <ClCompile Include="DlgFreqGaussLPF.cpp">
      <Filter>Source Files</Filter>
    </ClCompile>
    <ClCompile Include="DlgFreqIdealLPF.cpp">
      <Filter>Source Files</Filter>
    </ClCompile>
    <ClCompile Include="DlgGamma.cpp">
      <Filter>Source Files</Filter>
    </ClCompile>
    <ClCompile Include="DlgGeoRota.cpp">
      <Filter>Source Files</Filter>
    </ClCompile>
    <ClCompile Include="DlgGeoTran.cpp">
      <Filter>Source Files</Filter>
    </ClCompile>
    <ClCompile Include="DlgGeoZoom.cpp">
      <Filter>Source Files</Filter>
    </ClCompile>
    <ClCompile Include="DlgGrayScaling.cpp">
      <Filter>Source Files</Filter>
    </ClCompile>
    <ClCompile Include="DlgHist.cpp">
      <Filter>Source Files</Filter>
    </ClCompile>
    <ClCompile Include="DlgHough.cpp">
      <Filter>Source Files</Filter>
    </ClCompile>
    <ClCompile Include="DlgLinerPara.cpp">
      <Filter>Source Files</Filter>
    </ClCompile>
    <ClCompile Include="DlgLinTrans.cpp">
      <Filter>Source Files</Filter>
    </ClCompile>
    <ClCompile Include="DlgLog.cpp">
      <Filter>Source Files</Filter>
    </ClCompile>
    <ClCompile Include="DlgMidFilter.cpp">
      <Filter>Source Files</Filter>
    </ClCompile>
    <ClCompile Include="DlgMorph.cpp">
      <Filter>Source Files</Filter>
    </ClCompile>
    <ClCompile Include="DlgPointThre.cpp">
      <Filter>Source Files</Filter>
    </ClCompile>
    <ClCompile Include="DlgPointWin.cpp">
      <Filter>Source Files</Filter>
    </ClCompile>
    <ClCompile Include="DlgProjRestore.cpp">
      <Filter>Source Files</Filter>
    </ClCompile>
    <ClCompile Include="DlgSharpThre.cpp">
      <Filter>Source Files</Filter>
    </ClCompile>
    <ClCompile Include="DlgSmooth.cpp">
      <Filter>Source Files</Filter>
    </ClCompile>
    <ClCompile Include="DlgWndTran.cpp">
      <Filter>Source Files</Filter>
    </ClCompile>
    <ClCompile Include="Img.cpp">
      <Filter>Source Files</Filter>
    </ClCompile>
    <ClCompile Include="ImgProcess.cpp">
      <Filter>Source Files</Filter>
    </ClCompile>
    <ClCompile Include="MainFrm.cpp">
      <Filter>Source Files</Filter>
    </ClCompile>
    <ClCompile Include="StdAfx.cpp">
      <Filter>Source Files</Filter>
    </ClCompile>
    <ClCompile Include="Vector2D.cpp">
      <Filter>Source Files</Filter>
    </ClCompile>
    <ClCompile Include="DlgHuffman.cpp">
      <Filter>Source Files</Filter>
    </ClCompile>
    <ClCompile Include="Huffman.cpp">
      <Filter>Source Files</Filter>
    </ClCompile>
    <ClCompile Include="DlgDCT.cpp">
      <Filter>Source Files</Filter>
    </ClCompile>
    <ClCompile Include="DlgArith.cpp">
      <Filter>Source Files</Filter>
    </ClCompile>
    <ClCompile Include="DlgInvFilter.cpp">
      <Filter>Source Files</Filter>
    </ClCompile>
  </ItemGroup>
  <ItemGroup>
    <ClInclude Include="cDlgMorphClose.h">
      <Filter>Header Files</Filter>
    </ClInclude>
    <ClInclude Include="cDlgMorphDilation.h">
      <Filter>Header Files</Filter>
    </ClInclude>
    <ClInclude Include="cDlgMorphErosion.h">
      <Filter>Header Files</Filter>
    </ClInclude>
    <ClInclude Include="cDlgMorphOpen.h">
      <Filter>Header Files</Filter>
    </ClInclude>
    <ClInclude Include="ChildFrm.h">
      <Filter>Header Files</Filter>
    </ClInclude>
    <ClInclude Include="detect.h">
      <Filter>Header Files</Filter>
    </ClInclude>
    <ClInclude Include="DIPDemo.h">
      <Filter>Header Files</Filter>
    </ClInclude>
    <ClInclude Include="DIPDemoDoc.h">
      <Filter>Header Files</Filter>
    </ClInclude>
    <ClInclude Include="DIPDemoView.h">
      <Filter>Header Files</Filter>
    </ClInclude>
    <ClInclude Include="DlgColor.h">
      <Filter>Header Files</Filter>
    </ClInclude>
    <ClInclude Include="DlgEdgeSobelPrewitt.h">
      <Filter>Header Files</Filter>
    </ClInclude>
    <ClInclude Include="DlgFreqGaussBRF.h">
      <Filter>Header Files</Filter>
    </ClInclude>
    <ClInclude Include="DlgFreqGaussHPF.h">
      <Filter>Header Files</Filter>
    </ClInclude>
    <ClInclude Include="DlgFreqGaussLPF.h">
      <Filter>Header Files</Filter>
    </ClInclude>
    <ClInclude Include="DlgFreqIdealLPF.h">
      <Filter>Header Files</Filter>
    </ClInclude>
    <ClInclude Include="DlgGamma.h">
      <Filter>Header Files</Filter>
    </ClInclude>
    <ClInclude Include="DlgGeoRota.h">
      <Filter>Header Files</Filter>
    </ClInclude>
    <ClInclude Include="DlgGeoTran.h">
      <Filter>Header Files</Filter>
    </ClInclude>
    <ClInclude Include="DlgGeoZoom.h">
      <Filter>Header Files</Filter>
    </ClInclude>
    <ClInclude Include="DlgGrayScaling.h">
      <Filter>Header Files</Filter>
    </ClInclude>
    <ClInclude Include="DlgHist.h">
      <Filter>Header Files</Filter>
    </ClInclude>
    <ClInclude Include="DlgHough.h">
      <Filter>Header Files</Filter>
    </ClInclude>
    <ClInclude Include="DlgLinerPara.h">
      <Filter>Header Files</Filter>
    </ClInclude>
    <ClInclude Include="DlgLinTrans.h">
      <Filter>Header Files</Filter>
    </ClInclude>
    <ClInclude Include="DlgLog.h">
      <Filter>Header Files</Filter>
    </ClInclude>
    <ClInclude Include="DlgMidFilter.h">
      <Filter>Header Files</Filter>
    </ClInclude>
    <ClInclude Include="DlgMorph.h">
      <Filter>Header Files</Filter>
    </ClInclude>
    <ClInclude Include="DlgPointThre.h">
      <Filter>Header Files</Filter>
    </ClInclude>
    <ClInclude Include="DlgPointWin.h">
      <Filter>Header Files</Filter>
    </ClInclude>
    <ClInclude Include="DlgProjRestore.h">
      <Filter>Header Files</Filter>
    </ClInclude>
    <ClInclude Include="DlgSharpThre.h">
      <Filter>Header Files</Filter>
    </ClInclude>
    <ClInclude Include="DlgSmooth.h">
      <Filter>Header Files</Filter>
    </ClInclude>
    <ClInclude Include="DlgWndTran.h">
      <Filter>Header Files</Filter>
    </ClInclude>
    <ClInclude Include="Img.h">
      <Filter>Header Files</Filter>
    </ClInclude>
    <ClInclude Include="ImgProcess.h">
      <Filter>Header Files</Filter>
    </ClInclude>
    <ClInclude Include="MainFrm.h">
      <Filter>Header Files</Filter>
    </ClInclude>
    <ClInclude Include="Resource.h">
      <Filter>Header Files</Filter>
    </ClInclude>
    <ClInclude Include="StdAfx.h">
      <Filter>Header Files</Filter>
    </ClInclude>
    <ClInclude Include="test.h">
      <Filter>Header Files</Filter>
    </ClInclude>
    <ClInclude Include="Vector2D.h">
      <Filter>Header Files</Filter>
    </ClInclude>
    <ClInclude Include="DlgHuffman.h">
      <Filter>Header Files</Filter>
    </ClInclude>
    <ClInclude Include="Huffman.h">
      <Filter>Header Files</Filter>
    </ClInclude>
    <ClInclude Include="DlgDCT.h">
      <Filter>Header Files</Filter>
    </ClInclude>
    <ClInclude Include="DlgArith.h">
      <Filter>Header Files</Filter>
    </ClInclude>
    <ClInclude Include="DlgInvFilter.h">
      <Filter>Header Files</Filter>
    </ClInclude>
  </ItemGroup>
  <ItemGroup>
    <ResourceCompile Include="DIPDemo.rc">
      <Filter>Resource Files</Filter>
    </ResourceCompile>
  </ItemGroup>
  <ItemGroup>
    <CustomBuild Include="res\DIPDemo.ico">
      <Filter>Resource Files</Filter>
    </CustomBuild>
    <CustomBuild Include="res\DIPDemo.rc2">
      <Filter>Resource Files</Filter>
    </CustomBuild>
    <CustomBuild Include="res\DIPDemoDoc.ico">
      <Filter>Resource Files</Filter>
    </CustomBuild>
    <CustomBuild Include="test.bmp">
      <Filter>Resource Files</Filter>
    </CustomBuild>
    <CustomBuild Include="testPD.bmp">
      <Filter>Resource Files</Filter>
    </CustomBuild>
    <CustomBuild Include="res\Toolbar.bmp">
      <Filter>Resource Files</Filter>
    </CustomBuild>
    <CustomBuild Include="ReadMe.txt" />
  </ItemGroup>
</Project>