<?xml version="1.0" encoding="utf-8"?>
<Project ToolsVersion="4.0" xmlns="http://schemas.microsoft.com/developer/msbuild/2003">
  <ItemGroup>
    <Filter Include="Source Files">
      <UniqueIdentifier>{6fbd0521-2ab2-4bfe-b630-4dabd83a3b1d}</UniqueIdentifier>
      <Extensions>cpp;c;cxx;rc;def;r;odl;idl;hpj;bat</Extensions>
    </Filter>
    <Filter Include="Header Files">
      <UniqueIdentifier>{c7ff7131-8ab9-4f4e-8b76-051835c91a76}</UniqueIdentifier>
      <Extensions>h;hpp;hxx;hm;inl</Extensions>
    </Filter>
    <Filter Include="Resource Files">
      <UniqueIdentifier>{c62020c5-6c39-4c3d-a3c3-f2a2f0d1c80b}</UniqueIdentifier>
      <Extensions>ico;cur;bmp;dlg;rc2;rct;bin;rgs;gif;jpg;jpeg;jpe</Extensions>
    </Filter>
  </ItemGroup>
  <ItemGroup>
    <ClCompile Include="DigitRec.cpp">
      <Filter>Source Files</Filter>
    </ClCompile>
    <ClCompile Include="DigitRecDoc.cpp">
      <Filter>Source Files</Filter>
    </ClCompile>
    <ClCompile Include="DigitRecView.cpp">
      <Filter>Source Files</Filter>
    </ClCompile>
    <ClCompile Include="OCRImageProcess\Img.cpp">
      <Filter>Source Files</Filter>
    </ClCompile>
    <ClCompile Include="OCRImageProcess\ImgProcess.cpp">
      <Filter>Source Files</Filter>
    </ClCompile>
    <ClCompile Include="MainFrm.cpp">
      <Filter>Source Files</Filter>
    </ClCompile>
    <ClCompile Include="neuralnet\NeuralData.cpp">
      <Filter>Source Files</Filter>
    </ClCompile>
    <ClCompile Include="neuralnet\neuralnet.cpp">
      <Filter>Source Files</Filter>
    </ClCompile>
    <ClCompile Include="OCRImageProcess\OCRImgProcess.cpp">
      <Filter>Source Files</Filter>
    </ClCompile>
    <ClCompile Include="PreprocessDlg.cpp">
      <Filter>Source Files</Filter>
    </ClCompile>
    <ClCompile Include="StdAfx.cpp">
      <Filter>Source Files</Filter>
    </ClCompile>
    <ClCompile Include="TestDialog.cpp">
      <Filter>Source Files</Filter>
    </ClCompile>
    <ClCompile Include="TrainDlg.cpp">
      <Filter>Source Files</Filter>
    </ClCompile>
    <ClCompile Include="neuralnet\ValueTrack.cpp">
      <Filter>Source Files</Filter>
    </ClCompile>
    <ClCompile Include="OCRImageProcess\Vector2D.cpp">
      <Filter>Source Files</Filter>
    </ClCompile>
  </ItemGroup>
  <ItemGroup>
    <ResourceCompile Include="DigitRec.rc">
      <Filter>Source Files</Filter>
    </ResourceCompile>
  </ItemGroup>
  <ItemGroup>
    <ClInclude Include="DigitRec.h">
      <Filter>Header Files</Filter>
    </ClInclude>
    <ClInclude Include="DigitRecDoc.h">
      <Filter>Header Files</Filter>
    </ClInclude>
    <ClInclude Include="DigitRecView.h">
      <Filter>Header Files</Filter>
    </ClInclude>
    <ClInclude Include="DirDialog.h">
      <Filter>Header Files</Filter>
    </ClInclude>
    <ClInclude Include="OCRImageProcess\Img.h">
      <Filter>Header Files</Filter>
    </ClInclude>
    <ClInclude Include="OCRImageProcess\ImgProcess.h">
      <Filter>Header Files</Filter>
    </ClInclude>
    <ClInclude Include="MainFrm.h">
      <Filter>Header Files</Filter>
    </ClInclude>
    <ClInclude Include="neuralnet\NeuralData.h">
      <Filter>Header Files</Filter>
    </ClInclude>
    <ClInclude Include="neuralnet\NeuralNet.h">
      <Filter>Header Files</Filter>
    </ClInclude>
    <ClInclude Include="neuralnet\Neuron.h">
      <Filter>Header Files</Filter>
    </ClInclude>
    <ClInclude Include="OCRImageProcess\OCRImgProcess.h">
      <Filter>Header Files</Filter>
    </ClInclude>
    <ClInclude Include="PreprocessDlg.h">
      <Filter>Header Files</Filter>
    </ClInclude>
    <ClInclude Include="Resource.h">
      <Filter>Header Files</Filter>
    </ClInclude>
    <ClInclude Include="StdAfx.h">
      <Filter>Header Files</Filter>
    </ClInclude>
    <ClInclude Include="TestDialog.h">
      <Filter>Header Files</Filter>
    </ClInclude>
    <ClInclude Include="TrainDlg.h">
      <Filter>Header Files</Filter>
    </ClInclude>
    <ClInclude Include="neuralnet\ValueTrack.h">
      <Filter>Header Files</Filter>
    </ClInclude>
    <ClInclude Include="OCRImageProcess\Vector2D.h">
      <Filter>Header Files</Filter>
    </ClInclude>
  </ItemGroup>
  <ItemGroup>
    <Image Include="res\DigitRec.ico">
      <Filter>Resource Files</Filter>
    </Image>
    <Image Include="res\DigitRecDoc.ico">
      <Filter>Resource Files</Filter>
    </Image>
    <Image Include="res\Toolbar.bmp">
      <Filter>Resource Files</Filter>
    </Image>
  </ItemGroup>
  <ItemGroup>
    <Text Include="ReadMe.txt" />
  </ItemGroup>
  <ItemGroup>
    <CustomBuild Include="res\DigitRec.rc2">
      <Filter>Resource Files</Filter>
    </CustomBuild>
  </ItemGroup>
</Project>