
Microsoft Visual Studio Solution File, Format Version 12.00
# Visual Studio 14
VisualStudioVersion = 14.0.25420.1
MinimumVisualStudioVersion = 10.0.40219.1
Project("{2150E333-8FDC-42A3-9474-1A3956D46DE8}") = "chap15", "chap15", "{46C50A8A-858B-4AEB-A135-DABF62D6E5BB}"
EndProject
Project("{2150E333-8FDC-42A3-9474-1A3956D46DE8}") = "chap16", "chap16", "{7D2BDD30-C8D7-4825-BD81-A54A82D65E52}"
EndProject
Project("{2150E333-8FDC-42A3-9474-1A3956D46DE8}") = "chap14", "chap14", "{99D6F3CE-F591-4A09-86D1-9B2B0EEDFD6E}"
EndProject
Project("{8BC9CEB8-8B4A-11D0-8D11-00A0C91BC942}") = "glib", "..\glib\glib_vc2005.vcxproj", "{12323F50-B0EE-4582-9F73-41E67A5699A6}"
EndProject
Project("{8BC9CEB8-8B4A-11D0-8D11-00A0C91BC942}") = "Bloom_II", "..\chap15\Bloom_II\Bloom_II.vcxproj", "{08A5C262-DB3A-484B-B722-908C2BB3A3FF}"
EndProject
Project("{8BC9CEB8-8B4A-11D0-8D11-00A0C91BC942}") = "DepthOfField", "..\chap15\DepthOfField\DepthOfField.vcxproj", "{9EF62CC2-DB43-4AFB-909D-FADF5F12F902}"
EndProject
Project("{8BC9CEB8-8B4A-11D0-8D11-00A0C91BC942}") = "Refraction", "..\chap15\Refraction\Refraction.vcxproj", "{C8D3EB67-7150-4A29-BA76-24E7F9B62CEB}"
EndProject
Project("{8BC9CEB8-8B4A-11D0-8D11-00A0C91BC942}") = "SoftShadow", "..\chap15\SoftShadow\SoftShadow.vcxproj", "{A11EC21B-F5BB-423C-91FC-46104F50575B}"
EndProject
Project("{8BC9CEB8-8B4A-11D0-8D11-00A0C91BC942}") = "AutoExposure", "..\chap16\AutoExposure\AutoExposure.vcxproj", "{5FF0A821-F1E1-4873-B632-A9EC2EF111DC}"
EndProject
Project("{8BC9CEB8-8B4A-11D0-8D11-00A0C91BC942}") = "DeferredLighting", "..\chap16\DeferredLighting\DeferredLighting.vcxproj", "{3D4014FC-0387-47AD-BD5C-371D077F42D2}"
EndProject
Project("{8BC9CEB8-8B4A-11D0-8D11-00A0C91BC942}") = "GPUParticle", "..\chap16\GPUParticle\GPUParticle.vcxproj", "{4536E00F-52EE-49F4-8934-A594A21D2795}"
EndProject
Project("{8BC9CEB8-8B4A-11D0-8D11-00A0C91BC942}") = "Water", "..\chap16\Water\Water.vcxproj", "{D83E04CE-B4BC-4C4E-B7F0-3EED4D250275}"
EndProject
Project("{8BC9CEB8-8B4A-11D0-8D11-00A0C91BC942}") = "Bloom", "..\chap14\Bloom\Bloom.vcxproj", "{A7723DCE-A452-4A70-B54B-0EF7BDCFE6A2}"
EndProject
Project("{8BC9CEB8-8B4A-11D0-8D11-00A0C91BC942}") = "Blur", "..\chap14\Blur\blur.vcxproj", "{D01BFD57-86ED-48BF-9A23-DA6F6EA0A59E}"
EndProject
Project("{8BC9CEB8-8B4A-11D0-8D11-00A0C91BC942}") = "ImageProcess", "..\chap14\ImageProcess\ImageProcess.vcxproj", "{629010BF-2EAB-4DEA-8CAF-AF739F23C54C}"
EndProject
Project("{8BC9CEB8-8B4A-11D0-8D11-00A0C91BC942}") = "Shadowmap", "..\chap14\Shadowmap\Shadowmap.vcxproj", "{DF236EB8-E13A-4997-A3B3-4D90BBDCF8A0}"
EndProject
Project("{8BC9CEB8-8B4A-11D0-8D11-00A0C91BC942}") = "VertexCompression", "..\chap14\VertexCompression\VertexCompression.vcxproj", "{0C2D4FCB-358B-4D51-B092-EBA8B6C66A39}"
EndProject
Global
	GlobalSection(SolutionConfigurationPlatforms) = preSolution
		Debug_DX10|Win32 = Debug_DX10|Win32
		Debug|Win32 = Debug|Win32
		Release_DX10|Win32 = Release_DX10|Win32
		Release|Win32 = Release|Win32
	EndGlobalSection
	GlobalSection(ProjectConfigurationPlatforms) = postSolution
		{12323F50-B0EE-4582-9F73-41E67A5699A6}.Debug_DX10|Win32.ActiveCfg = Debug_DX10|Win32
		{12323F50-B0EE-4582-9F73-41E67A5699A6}.Debug_DX10|Win32.Build.0 = Debug_DX10|Win32
		{12323F50-B0EE-4582-9F73-41E67A5699A6}.Debug|Win32.ActiveCfg = Debug|Win32
		{12323F50-B0EE-4582-9F73-41E67A5699A6}.Debug|Win32.Build.0 = Debug|Win32
		{12323F50-B0EE-4582-9F73-41E67A5699A6}.Release_DX10|Win32.ActiveCfg = Release_DX10|Win32
		{12323F50-B0EE-4582-9F73-41E67A5699A6}.Release_DX10|Win32.Build.0 = Release_DX10|Win32
		{12323F50-B0EE-4582-9F73-41E67A5699A6}.Release|Win32.ActiveCfg = Release|Win32
		{12323F50-B0EE-4582-9F73-41E67A5699A6}.Release|Win32.Build.0 = Release|Win32
		{08A5C262-DB3A-484B-B722-908C2BB3A3FF}.Debug_DX10|Win32.ActiveCfg = Debug_DX10|Win32
		{08A5C262-DB3A-484B-B722-908C2BB3A3FF}.Debug_DX10|Win32.Build.0 = Debug_DX10|Win32
		{08A5C262-DB3A-484B-B722-908C2BB3A3FF}.Debug|Win32.ActiveCfg = Debug|Win32
		{08A5C262-DB3A-484B-B722-908C2BB3A3FF}.Debug|Win32.Build.0 = Debug|Win32
		{08A5C262-DB3A-484B-B722-908C2BB3A3FF}.Release_DX10|Win32.ActiveCfg = Release_DX10|Win32
		{08A5C262-DB3A-484B-B722-908C2BB3A3FF}.Release_DX10|Win32.Build.0 = Release_DX10|Win32
		{08A5C262-DB3A-484B-B722-908C2BB3A3FF}.Release|Win32.ActiveCfg = Release|Win32
		{08A5C262-DB3A-484B-B722-908C2BB3A3FF}.Release|Win32.Build.0 = Release|Win32
		{9EF62CC2-DB43-4AFB-909D-FADF5F12F902}.Debug_DX10|Win32.ActiveCfg = Debug_DX10|Win32
		{9EF62CC2-DB43-4AFB-909D-FADF5F12F902}.Debug_DX10|Win32.Build.0 = Debug_DX10|Win32
		{9EF62CC2-DB43-4AFB-909D-FADF5F12F902}.Debug|Win32.ActiveCfg = Debug|Win32
		{9EF62CC2-DB43-4AFB-909D-FADF5F12F902}.Debug|Win32.Build.0 = Debug|Win32
		{9EF62CC2-DB43-4AFB-909D-FADF5F12F902}.Release_DX10|Win32.ActiveCfg = Release_DX10|Win32
		{9EF62CC2-DB43-4AFB-909D-FADF5F12F902}.Release_DX10|Win32.Build.0 = Release_DX10|Win32
		{9EF62CC2-DB43-4AFB-909D-FADF5F12F902}.Release|Win32.ActiveCfg = Release|Win32
		{9EF62CC2-DB43-4AFB-909D-FADF5F12F902}.Release|Win32.Build.0 = Release|Win32
		{C8D3EB67-7150-4A29-BA76-24E7F9B62CEB}.Debug_DX10|Win32.ActiveCfg = Debug_DX10|Win32
		{C8D3EB67-7150-4A29-BA76-24E7F9B62CEB}.Debug_DX10|Win32.Build.0 = Debug_DX10|Win32
		{C8D3EB67-7150-4A29-BA76-24E7F9B62CEB}.Debug|Win32.ActiveCfg = Debug|Win32
		{C8D3EB67-7150-4A29-BA76-24E7F9B62CEB}.Debug|Win32.Build.0 = Debug|Win32
		{C8D3EB67-7150-4A29-BA76-24E7F9B62CEB}.Release_DX10|Win32.ActiveCfg = Release_DX10|Win32
		{C8D3EB67-7150-4A29-BA76-24E7F9B62CEB}.Release_DX10|Win32.Build.0 = Release_DX10|Win32
		{C8D3EB67-7150-4A29-BA76-24E7F9B62CEB}.Release|Win32.ActiveCfg = Release|Win32
		{C8D3EB67-7150-4A29-BA76-24E7F9B62CEB}.Release|Win32.Build.0 = Release|Win32
		{A11EC21B-F5BB-423C-91FC-46104F50575B}.Debug_DX10|Win32.ActiveCfg = Debug_DX10|Win32
		{A11EC21B-F5BB-423C-91FC-46104F50575B}.Debug_DX10|Win32.Build.0 = Debug_DX10|Win32
		{A11EC21B-F5BB-423C-91FC-46104F50575B}.Debug|Win32.ActiveCfg = Debug|Win32
		{A11EC21B-F5BB-423C-91FC-46104F50575B}.Debug|Win32.Build.0 = Debug|Win32
		{A11EC21B-F5BB-423C-91FC-46104F50575B}.Release_DX10|Win32.ActiveCfg = Release_DX10|Win32
		{A11EC21B-F5BB-423C-91FC-46104F50575B}.Release_DX10|Win32.Build.0 = Release_DX10|Win32
		{A11EC21B-F5BB-423C-91FC-46104F50575B}.Release|Win32.ActiveCfg = Release|Win32
		{A11EC21B-F5BB-423C-91FC-46104F50575B}.Release|Win32.Build.0 = Release|Win32
		{5FF0A821-F1E1-4873-B632-A9EC2EF111DC}.Debug_DX10|Win32.ActiveCfg = Debug_DX10|Win32
		{5FF0A821-F1E1-4873-B632-A9EC2EF111DC}.Debug_DX10|Win32.Build.0 = Debug_DX10|Win32
		{5FF0A821-F1E1-4873-B632-A9EC2EF111DC}.Debug|Win32.ActiveCfg = Debug|Win32
		{5FF0A821-F1E1-4873-B632-A9EC2EF111DC}.Debug|Win32.Build.0 = Debug|Win32
		{5FF0A821-F1E1-4873-B632-A9EC2EF111DC}.Release_DX10|Win32.ActiveCfg = Release_DX10|Win32
		{5FF0A821-F1E1-4873-B632-A9EC2EF111DC}.Release_DX10|Win32.Build.0 = Release_DX10|Win32
		{5FF0A821-F1E1-4873-B632-A9EC2EF111DC}.Release|Win32.ActiveCfg = Release|Win32
		{5FF0A821-F1E1-4873-B632-A9EC2EF111DC}.Release|Win32.Build.0 = Release|Win32
		{3D4014FC-0387-47AD-BD5C-371D077F42D2}.Debug_DX10|Win32.ActiveCfg = Debug_DX10|Win32
		{3D4014FC-0387-47AD-BD5C-371D077F42D2}.Debug_DX10|Win32.Build.0 = Debug_DX10|Win32
		{3D4014FC-0387-47AD-BD5C-371D077F42D2}.Debug|Win32.ActiveCfg = Debug|Win32
		{3D4014FC-0387-47AD-BD5C-371D077F42D2}.Debug|Win32.Build.0 = Debug|Win32
		{3D4014FC-0387-47AD-BD5C-371D077F42D2}.Release_DX10|Win32.ActiveCfg = Release_DX10|Win32
		{3D4014FC-0387-47AD-BD5C-371D077F42D2}.Release_DX10|Win32.Build.0 = Release_DX10|Win32
		{3D4014FC-0387-47AD-BD5C-371D077F42D2}.Release|Win32.ActiveCfg = Release|Win32
		{3D4014FC-0387-47AD-BD5C-371D077F42D2}.Release|Win32.Build.0 = Release|Win32
		{4536E00F-52EE-49F4-8934-A594A21D2795}.Debug_DX10|Win32.ActiveCfg = Debug_DX10|Win32
		{4536E00F-52EE-49F4-8934-A594A21D2795}.Debug_DX10|Win32.Build.0 = Debug_DX10|Win32
		{4536E00F-52EE-49F4-8934-A594A21D2795}.Debug|Win32.ActiveCfg = Debug|Win32
		{4536E00F-52EE-49F4-8934-A594A21D2795}.Debug|Win32.Build.0 = Debug|Win32
		{4536E00F-52EE-49F4-8934-A594A21D2795}.Release_DX10|Win32.ActiveCfg = Release_DX10|Win32
		{4536E00F-52EE-49F4-8934-A594A21D2795}.Release_DX10|Win32.Build.0 = Release_DX10|Win32
		{4536E00F-52EE-49F4-8934-A594A21D2795}.Release|Win32.ActiveCfg = Release|Win32
		{4536E00F-52EE-49F4-8934-A594A21D2795}.Release|Win32.Build.0 = Release|Win32
		{D83E04CE-B4BC-4C4E-B7F0-3EED4D250275}.Debug_DX10|Win32.ActiveCfg = Debug_DX10|Win32
		{D83E04CE-B4BC-4C4E-B7F0-3EED4D250275}.Debug_DX10|Win32.Build.0 = Debug_DX10|Win32
		{D83E04CE-B4BC-4C4E-B7F0-3EED4D250275}.Debug|Win32.ActiveCfg = Debug|Win32
		{D83E04CE-B4BC-4C4E-B7F0-3EED4D250275}.Debug|Win32.Build.0 = Debug|Win32
		{D83E04CE-B4BC-4C4E-B7F0-3EED4D250275}.Release_DX10|Win32.ActiveCfg = Release_DX10|Win32
		{D83E04CE-B4BC-4C4E-B7F0-3EED4D250275}.Release_DX10|Win32.Build.0 = Release_DX10|Win32
		{D83E04CE-B4BC-4C4E-B7F0-3EED4D250275}.Release|Win32.ActiveCfg = Release|Win32
		{D83E04CE-B4BC-4C4E-B7F0-3EED4D250275}.Release|Win32.Build.0 = Release|Win32
		{A7723DCE-A452-4A70-B54B-0EF7BDCFE6A2}.Debug_DX10|Win32.ActiveCfg = Debug_DX10|Win32
		{A7723DCE-A452-4A70-B54B-0EF7BDCFE6A2}.Debug_DX10|Win32.Build.0 = Debug_DX10|Win32
		{A7723DCE-A452-4A70-B54B-0EF7BDCFE6A2}.Debug|Win32.ActiveCfg = Debug|Win32
		{A7723DCE-A452-4A70-B54B-0EF7BDCFE6A2}.Debug|Win32.Build.0 = Debug|Win32
		{A7723DCE-A452-4A70-B54B-0EF7BDCFE6A2}.Release_DX10|Win32.ActiveCfg = Release_DX10|Win32
		{A7723DCE-A452-4A70-B54B-0EF7BDCFE6A2}.Release_DX10|Win32.Build.0 = Release_DX10|Win32
		{A7723DCE-A452-4A70-B54B-0EF7BDCFE6A2}.Release|Win32.ActiveCfg = Release|Win32
		{A7723DCE-A452-4A70-B54B-0EF7BDCFE6A2}.Release|Win32.Build.0 = Release|Win32
		{D01BFD57-86ED-48BF-9A23-DA6F6EA0A59E}.Debug_DX10|Win32.ActiveCfg = Debug_DX10|Win32
		{D01BFD57-86ED-48BF-9A23-DA6F6EA0A59E}.Debug_DX10|Win32.Build.0 = Debug_DX10|Win32
		{D01BFD57-86ED-48BF-9A23-DA6F6EA0A59E}.Debug|Win32.ActiveCfg = Debug|Win32
		{D01BFD57-86ED-48BF-9A23-DA6F6EA0A59E}.Debug|Win32.Build.0 = Debug|Win32
		{D01BFD57-86ED-48BF-9A23-DA6F6EA0A59E}.Release_DX10|Win32.ActiveCfg = Release_DX10|Win32
		{D01BFD57-86ED-48BF-9A23-DA6F6EA0A59E}.Release_DX10|Win32.Build.0 = Release_DX10|Win32
		{D01BFD57-86ED-48BF-9A23-DA6F6EA0A59E}.Release|Win32.ActiveCfg = Release|Win32
		{D01BFD57-86ED-48BF-9A23-DA6F6EA0A59E}.Release|Win32.Build.0 = Release|Win32
		{629010BF-2EAB-4DEA-8CAF-AF739F23C54C}.Debug_DX10|Win32.ActiveCfg = Debug_DX10|Win32
		{629010BF-2EAB-4DEA-8CAF-AF739F23C54C}.Debug_DX10|Win32.Build.0 = Debug_DX10|Win32
		{629010BF-2EAB-4DEA-8CAF-AF739F23C54C}.Debug|Win32.ActiveCfg = Debug|Win32
		{629010BF-2EAB-4DEA-8CAF-AF739F23C54C}.Debug|Win32.Build.0 = Debug|Win32
		{629010BF-2EAB-4DEA-8CAF-AF739F23C54C}.Release_DX10|Win32.ActiveCfg = Release_DX10|Win32
		{629010BF-2EAB-4DEA-8CAF-AF739F23C54C}.Release_DX10|Win32.Build.0 = Release_DX10|Win32
		{629010BF-2EAB-4DEA-8CAF-AF739F23C54C}.Release|Win32.ActiveCfg = Release|Win32
		{629010BF-2EAB-4DEA-8CAF-AF739F23C54C}.Release|Win32.Build.0 = Release|Win32
		{DF236EB8-E13A-4997-A3B3-4D90BBDCF8A0}.Debug_DX10|Win32.ActiveCfg = Debug_DX10|Win32
		{DF236EB8-E13A-4997-A3B3-4D90BBDCF8A0}.Debug_DX10|Win32.Build.0 = Debug_DX10|Win32
		{DF236EB8-E13A-4997-A3B3-4D90BBDCF8A0}.Debug|Win32.ActiveCfg = Debug|Win32
		{DF236EB8-E13A-4997-A3B3-4D90BBDCF8A0}.Debug|Win32.Build.0 = Debug|Win32
		{DF236EB8-E13A-4997-A3B3-4D90BBDCF8A0}.Release_DX10|Win32.ActiveCfg = Release_DX10|Win32
		{DF236EB8-E13A-4997-A3B3-4D90BBDCF8A0}.Release_DX10|Win32.Build.0 = Release_DX10|Win32
		{DF236EB8-E13A-4997-A3B3-4D90BBDCF8A0}.Release|Win32.ActiveCfg = Release|Win32
		{DF236EB8-E13A-4997-A3B3-4D90BBDCF8A0}.Release|Win32.Build.0 = Release|Win32
		{0C2D4FCB-358B-4D51-B092-EBA8B6C66A39}.Debug_DX10|Win32.ActiveCfg = Debug_DX10|Win32
		{0C2D4FCB-358B-4D51-B092-EBA8B6C66A39}.Debug_DX10|Win32.Build.0 = Debug_DX10|Win32
		{0C2D4FCB-358B-4D51-B092-EBA8B6C66A39}.Debug|Win32.ActiveCfg = Debug|Win32
		{0C2D4FCB-358B-4D51-B092-EBA8B6C66A39}.Debug|Win32.Build.0 = Debug|Win32
		{0C2D4FCB-358B-4D51-B092-EBA8B6C66A39}.Release_DX10|Win32.ActiveCfg = Release_DX10|Win32
		{0C2D4FCB-358B-4D51-B092-EBA8B6C66A39}.Release_DX10|Win32.Build.0 = Release_DX10|Win32
		{0C2D4FCB-358B-4D51-B092-EBA8B6C66A39}.Release|Win32.ActiveCfg = Release|Win32
		{0C2D4FCB-358B-4D51-B092-EBA8B6C66A39}.Release|Win32.Build.0 = Release|Win32
	EndGlobalSection
	GlobalSection(SolutionProperties) = preSolution
		HideSolutionNode = FALSE
	EndGlobalSection
	GlobalSection(NestedProjects) = preSolution
		{08A5C262-DB3A-484B-B722-908C2BB3A3FF} = {46C50A8A-858B-4AEB-A135-DABF62D6E5BB}
		{9EF62CC2-DB43-4AFB-909D-FADF5F12F902} = {46C50A8A-858B-4AEB-A135-DABF62D6E5BB}
		{C8D3EB67-7150-4A29-BA76-24E7F9B62CEB} = {46C50A8A-858B-4AEB-A135-DABF62D6E5BB}
		{A11EC21B-F5BB-423C-91FC-46104F50575B} = {46C50A8A-858B-4AEB-A135-DABF62D6E5BB}
		{5FF0A821-F1E1-4873-B632-A9EC2EF111DC} = {7D2BDD30-C8D7-4825-BD81-A54A82D65E52}
		{3D4014FC-0387-47AD-BD5C-371D077F42D2} = {7D2BDD30-C8D7-4825-BD81-A54A82D65E52}
		{4536E00F-52EE-49F4-8934-A594A21D2795} = {7D2BDD30-C8D7-4825-BD81-A54A82D65E52}
		{D83E04CE-B4BC-4C4E-B7F0-3EED4D250275} = {7D2BDD30-C8D7-4825-BD81-A54A82D65E52}
		{A7723DCE-A452-4A70-B54B-0EF7BDCFE6A2} = {99D6F3CE-F591-4A09-86D1-9B2B0EEDFD6E}
		{D01BFD57-86ED-48BF-9A23-DA6F6EA0A59E} = {99D6F3CE-F591-4A09-86D1-9B2B0EEDFD6E}
		{629010BF-2EAB-4DEA-8CAF-AF739F23C54C} = {99D6F3CE-F591-4A09-86D1-9B2B0EEDFD6E}
		{DF236EB8-E13A-4997-A3B3-4D90BBDCF8A0} = {99D6F3CE-F591-4A09-86D1-9B2B0EEDFD6E}
		{0C2D4FCB-358B-4D51-B092-EBA8B6C66A39} = {99D6F3CE-F591-4A09-86D1-9B2B0EEDFD6E}
	EndGlobalSection
EndGlobal
