
Microsoft Visual Studio Solution File, Format Version 9.00
# Visual Studio 2005
Project("{8BC9CEB8-8B4A-11D0-8D11-00A0C91BC942}") = "framebuffer_blur", "..\chap07\framebuffer_blur\framebuffer_blur.vcproj", "{08A5C262-DB3A-484B-B722-908C2BB3A3FF}"
	ProjectSection(ProjectDependencies) = postProject
		{12323F50-B0EE-4582-9F73-41E67A5699A6} = {12323F50-B0EE-4582-9F73-41E67A5699A6}
	EndProjectSection
EndProject
Project("{8BC9CEB8-8B4A-11D0-8D11-00A0C91BC942}") = "framebuffer_cubemap", "..\chap07\framebuffer_cubemap\framebuffer_cubemap.vcproj", "{FC49F9C7-8D12-4E86-9ADA-EF37AE355DD0}"
	ProjectSection(ProjectDependencies) = postProject
		{12323F50-B0EE-4582-9F73-41E67A5699A6} = {12323F50-B0EE-4582-9F73-41E67A5699A6}
	EndProjectSection
EndProject
Project("{8BC9CEB8-8B4A-11D0-8D11-00A0C91BC942}") = "framebuffer_mirror", "..\chap07\framebuffer_mirror\framebuffer_mirror.vcproj", "{ED9985D9-CD75-4BDB-AD3C-C12BC1012F2E}"
	ProjectSection(ProjectDependencies) = postProject
		{12323F50-B0EE-4582-9F73-41E67A5699A6} = {12323F50-B0EE-4582-9F73-41E67A5699A6}
	EndProjectSection
EndProject
Project("{8BC9CEB8-8B4A-11D0-8D11-00A0C91BC942}") = "framebuffer_mirror_autouv", "..\chap07\framebuffer_mirror_autouv\framebuffer_mirror_autouv.vcproj", "{BA50B2B9-25A8-4EF5-B42B-5DE69AC65B58}"
	ProjectSection(ProjectDependencies) = postProject
		{12323F50-B0EE-4582-9F73-41E67A5699A6} = {12323F50-B0EE-4582-9F73-41E67A5699A6}
	EndProjectSection
EndProject
Project("{8BC9CEB8-8B4A-11D0-8D11-00A0C91BC942}") = "framebuffer_shadow", "..\chap07\framebuffer_shadow\framebuffer_shadow.vcproj", "{0486C9D5-DF3F-4563-AC8E-E1D020ABAF89}"
	ProjectSection(ProjectDependencies) = postProject
		{12323F50-B0EE-4582-9F73-41E67A5699A6} = {12323F50-B0EE-4582-9F73-41E67A5699A6}
	EndProjectSection
EndProject
Project("{8BC9CEB8-8B4A-11D0-8D11-00A0C91BC942}") = "framebuffer_shadow_simple", "..\chap07\framebuffer_shadow_simple\framebuffer_shadow_simple.vcproj", "{F77BDA61-D525-43FF-A788-32A3D8AB86FB}"
	ProjectSection(ProjectDependencies) = postProject
		{12323F50-B0EE-4582-9F73-41E67A5699A6} = {12323F50-B0EE-4582-9F73-41E67A5699A6}
	EndProjectSection
EndProject
Project("{8BC9CEB8-8B4A-11D0-8D11-00A0C91BC942}") = "framebuffer_softshadow", "..\chap07\framebuffer_softshadow\framebuffer_softshadow.vcproj", "{72AF67B5-5785-4321-982C-DD1304C23E15}"
	ProjectSection(ProjectDependencies) = postProject
		{12323F50-B0EE-4582-9F73-41E67A5699A6} = {12323F50-B0EE-4582-9F73-41E67A5699A6}
	EndProjectSection
EndProject
Project("{8BC9CEB8-8B4A-11D0-8D11-00A0C91BC942}") = "framebuffer_softshadow_onterrain", "..\chap07\framebuffer_softshadow_onterrain\framebuffer_softshadow_onterrain.vcproj", "{00627B5E-E927-4ACB-86EA-425997C0193F}"
	ProjectSection(ProjectDependencies) = postProject
		{12323F50-B0EE-4582-9F73-41E67A5699A6} = {12323F50-B0EE-4582-9F73-41E67A5699A6}
	EndProjectSection
EndProject
Project("{8BC9CEB8-8B4A-11D0-8D11-00A0C91BC942}") = "framebuffer_solarsystem", "..\chap07\framebuffer_solarsystem\framebuffer_solarsystem.vcproj", "{F2B16801-9377-4AFA-BA3E-EB3991A3FB62}"
	ProjectSection(ProjectDependencies) = postProject
		{12323F50-B0EE-4582-9F73-41E67A5699A6} = {12323F50-B0EE-4582-9F73-41E67A5699A6}
	EndProjectSection
EndProject
Project("{2150E333-8FDC-42A3-9474-1A3956D46DE8}") = "chap07", "chap07", "{D75BFA3F-A9AF-40DF-BC5F-0F37AD987109}"
EndProject
Project("{8BC9CEB8-8B4A-11D0-8D11-00A0C91BC942}") = "glib", "..\glib\glib_vc2005.vcproj", "{12323F50-B0EE-4582-9F73-41E67A5699A6}"
EndProject
Project("{2150E333-8FDC-42A3-9474-1A3956D46DE8}") = "chap08", "chap08", "{088474F9-1847-4AAC-909E-8F6B88B1B7DF}"
EndProject
Project("{8BC9CEB8-8B4A-11D0-8D11-00A0C91BC942}") = "stencil_mirror", "..\chap08\stencil_mirror\stencil_mirror.vcproj", "{43579297-C447-4663-A5A6-ED3509102A48}"
	ProjectSection(ProjectDependencies) = postProject
		{12323F50-B0EE-4582-9F73-41E67A5699A6} = {12323F50-B0EE-4582-9F73-41E67A5699A6}
	EndProjectSection
EndProject
Project("{8BC9CEB8-8B4A-11D0-8D11-00A0C91BC942}") = "stencil_overdraw", "..\chap08\stencil_overdraw\stencil_overdraw.vcproj", "{C1095A4B-2473-4245-896B-2961A4F32786}"
	ProjectSection(ProjectDependencies) = postProject
		{12323F50-B0EE-4582-9F73-41E67A5699A6} = {12323F50-B0EE-4582-9F73-41E67A5699A6}
	EndProjectSection
EndProject
Project("{8BC9CEB8-8B4A-11D0-8D11-00A0C91BC942}") = "stencil_shadow", "..\chap08\stencil_shadow\stencil_shadow.vcproj", "{64E31FCF-2AD5-46EF-A3B7-3B105F65B2AE}"
	ProjectSection(ProjectDependencies) = postProject
		{12323F50-B0EE-4582-9F73-41E67A5699A6} = {12323F50-B0EE-4582-9F73-41E67A5699A6}
	EndProjectSection
EndProject
Project("{8BC9CEB8-8B4A-11D0-8D11-00A0C91BC942}") = "stencil_shadow_zfail", "..\chap08\stencil_shadow_zfail\stencil_shadow_zfail.vcproj", "{D62269A8-1E95-4AAF-973B-37C99BCAECC1}"
	ProjectSection(ProjectDependencies) = postProject
		{12323F50-B0EE-4582-9F73-41E67A5699A6} = {12323F50-B0EE-4582-9F73-41E67A5699A6}
	EndProjectSection
EndProject
Project("{8BC9CEB8-8B4A-11D0-8D11-00A0C91BC942}") = "stencil_spotlight", "..\chap08\stencil_spotlight\stencil_spotlight.vcproj", "{95EDD284-B124-4FCC-BEF5-1DE452BD7B99}"
	ProjectSection(ProjectDependencies) = postProject
		{12323F50-B0EE-4582-9F73-41E67A5699A6} = {12323F50-B0EE-4582-9F73-41E67A5699A6}
	EndProjectSection
EndProject
Project("{8BC9CEB8-8B4A-11D0-8D11-00A0C91BC942}") = "stencil_spotlight_twoside", "..\chap08\stencil_spotlight_twoside\stencil_spotlight_twoside.vcproj", "{609EE00D-B6A1-4714-ACF4-1DEBAA604658}"
	ProjectSection(ProjectDependencies) = postProject
		{12323F50-B0EE-4582-9F73-41E67A5699A6} = {12323F50-B0EE-4582-9F73-41E67A5699A6}
	EndProjectSection
EndProject
Project("{8BC9CEB8-8B4A-11D0-8D11-00A0C91BC942}") = "stencil_spotlight_zfail", "..\chap08\stencil_spotlight_zfail\stencil_spotlight_zfail.vcproj", "{D5BEB90B-BFE8-42CA-87EC-6B9C8B4643BA}"
	ProjectSection(ProjectDependencies) = postProject
		{12323F50-B0EE-4582-9F73-41E67A5699A6} = {12323F50-B0EE-4582-9F73-41E67A5699A6}
	EndProjectSection
EndProject
Project("{8BC9CEB8-8B4A-11D0-8D11-00A0C91BC942}") = "stencil_wall", "..\chap08\stencil_wall\stencil_wall.vcproj", "{A802FA00-2548-4715-B5C4-95415A0ABE78}"
	ProjectSection(ProjectDependencies) = postProject
		{12323F50-B0EE-4582-9F73-41E67A5699A6} = {12323F50-B0EE-4582-9F73-41E67A5699A6}
	EndProjectSection
EndProject
Project("{8BC9CEB8-8B4A-11D0-8D11-00A0C91BC942}") = "stencil_waterreflection", "..\chap08\stencil_waterreflection\stencil_waterreflection.vcproj", "{89D57E38-5DE3-4020-AE36-DB1C0BE2D718}"
	ProjectSection(ProjectDependencies) = postProject
		{12323F50-B0EE-4582-9F73-41E67A5699A6} = {12323F50-B0EE-4582-9F73-41E67A5699A6}
	EndProjectSection
EndProject
Project("{2150E333-8FDC-42A3-9474-1A3956D46DE8}") = "chap09", "chap09", "{67D9AA94-8BF4-4893-81E4-E0A755113C8D}"
EndProject
Project("{8BC9CEB8-8B4A-11D0-8D11-00A0C91BC942}") = "antialiasing", "..\chap09\antialiasing\antialiasing.vcproj", "{08A5407A-3859-4EC3-B5FA-FCE2B3053B8E}"
	ProjectSection(ProjectDependencies) = postProject
		{12323F50-B0EE-4582-9F73-41E67A5699A6} = {12323F50-B0EE-4582-9F73-41E67A5699A6}
	EndProjectSection
EndProject
Project("{8BC9CEB8-8B4A-11D0-8D11-00A0C91BC942}") = "displaylist", "..\chap09\displaylist\displaylist.vcproj", "{F185A81C-248F-440F-A3F9-E29E8E98DD17}"
	ProjectSection(ProjectDependencies) = postProject
		{12323F50-B0EE-4582-9F73-41E67A5699A6} = {12323F50-B0EE-4582-9F73-41E67A5699A6}
	EndProjectSection
EndProject
Project("{8BC9CEB8-8B4A-11D0-8D11-00A0C91BC942}") = "fog", "..\chap09\fog\fog.vcproj", "{B0C537A2-58D5-4F30-BEDA-8D987C93D98C}"
	ProjectSection(ProjectDependencies) = postProject
		{12323F50-B0EE-4582-9F73-41E67A5699A6} = {12323F50-B0EE-4582-9F73-41E67A5699A6}
	EndProjectSection
EndProject
Project("{8BC9CEB8-8B4A-11D0-8D11-00A0C91BC942}") = "occlusionquery", "..\chap09\occlusionquery\occlusionquery.vcproj", "{F3EBBC9C-8DAE-419F-A351-939594725053}"
	ProjectSection(ProjectDependencies) = postProject
		{12323F50-B0EE-4582-9F73-41E67A5699A6} = {12323F50-B0EE-4582-9F73-41E67A5699A6}
	EndProjectSection
EndProject
Project("{8BC9CEB8-8B4A-11D0-8D11-00A0C91BC942}") = "scissortest", "..\chap09\scissortest\scissortest.vcproj", "{684812BF-2AC7-4B95-B54A-A16137859124}"
	ProjectSection(ProjectDependencies) = postProject
		{12323F50-B0EE-4582-9F73-41E67A5699A6} = {12323F50-B0EE-4582-9F73-41E67A5699A6}
	EndProjectSection
EndProject
Project("{8BC9CEB8-8B4A-11D0-8D11-00A0C91BC942}") = "SelectionBuffer", "..\chap09\SelectionBuffer\SelectionBuffer.vcproj", "{A1F740F6-37C6-46C9-951C-EEB4115F6122}"
	ProjectSection(ProjectDependencies) = postProject
		{12323F50-B0EE-4582-9F73-41E67A5699A6} = {12323F50-B0EE-4582-9F73-41E67A5699A6}
	EndProjectSection
EndProject
Project("{8BC9CEB8-8B4A-11D0-8D11-00A0C91BC942}") = "viewport_solarsystem", "..\chap09\viewport_solarsystem\viewport_solarsystem.vcproj", "{63F08BCF-F309-4727-A0F6-B69DF9AB5721}"
	ProjectSection(ProjectDependencies) = postProject
		{12323F50-B0EE-4582-9F73-41E67A5699A6} = {12323F50-B0EE-4582-9F73-41E67A5699A6}
	EndProjectSection
EndProject
Project("{2150E333-8FDC-42A3-9474-1A3956D46DE8}") = "chap10", "chap10", "{15429CD8-DCB4-4ED5-88EA-E66D326D0D75}"
EndProject
Project("{8BC9CEB8-8B4A-11D0-8D11-00A0C91BC942}") = "font_ascii", "..\chap10\font_ascii\font_ascii.vcproj", "{CC84D436-B9BD-4222-B6DA-988ABE4FB915}"
	ProjectSection(ProjectDependencies) = postProject
		{12323F50-B0EE-4582-9F73-41E67A5699A6} = {12323F50-B0EE-4582-9F73-41E67A5699A6}
	EndProjectSection
EndProject
Project("{8BC9CEB8-8B4A-11D0-8D11-00A0C91BC942}") = "font_unicode", "..\chap10\font_unicode\font_unicode.vcproj", "{2476195A-AEC2-49B3-BC88-98C385D5E002}"
	ProjectSection(ProjectDependencies) = postProject
		{12323F50-B0EE-4582-9F73-41E67A5699A6} = {12323F50-B0EE-4582-9F73-41E67A5699A6}
	EndProjectSection
EndProject
Project("{8BC9CEB8-8B4A-11D0-8D11-00A0C91BC942}") = "Fullscreen_demo", "..\chap10\Fullscreen_demo\Fullscreen_demo.vcproj", "{DAC2C7C8-7875-4956-89A0-AE5D9D42E474}"
	ProjectSection(ProjectDependencies) = postProject
		{12323F50-B0EE-4582-9F73-41E67A5699A6} = {12323F50-B0EE-4582-9F73-41E67A5699A6}
	EndProjectSection
EndProject
Project("{8BC9CEB8-8B4A-11D0-8D11-00A0C91BC942}") = "heightmap", "..\chap10\heightmap\heightmap.vcproj", "{6E0324A9-0E12-4BD6-A806-B3776441C082}"
	ProjectSection(ProjectDependencies) = postProject
		{12323F50-B0EE-4582-9F73-41E67A5699A6} = {12323F50-B0EE-4582-9F73-41E67A5699A6}
	EndProjectSection
EndProject
Project("{8BC9CEB8-8B4A-11D0-8D11-00A0C91BC942}") = "MFC_app", "..\chap10\MFC_app\MFC_app.vcproj", "{F06ADD61-1B7B-437A-98D9-9C79D5D93789}"
	ProjectSection(ProjectDependencies) = postProject
		{12323F50-B0EE-4582-9F73-41E67A5699A6} = {12323F50-B0EE-4582-9F73-41E67A5699A6}
	EndProjectSection
EndProject
Project("{8BC9CEB8-8B4A-11D0-8D11-00A0C91BC942}") = "particle", "..\chap10\particle\particle.vcproj", "{622C9727-6927-496D-A44D-16BA18B95EF3}"
	ProjectSection(ProjectDependencies) = postProject
		{12323F50-B0EE-4582-9F73-41E67A5699A6} = {12323F50-B0EE-4582-9F73-41E67A5699A6}
	EndProjectSection
EndProject
Global
	GlobalSection(SolutionConfigurationPlatforms) = preSolution
		Debug_DX10|Win32 = Debug_DX10|Win32
		Debug|Win32 = Debug|Win32
		Release_DX10|Win32 = Release_DX10|Win32
		Release|Win32 = Release|Win32
	EndGlobalSection
	GlobalSection(ProjectConfigurationPlatforms) = postSolution
		{08A5C262-DB3A-484B-B722-908C2BB3A3FF}.Debug_DX10|Win32.ActiveCfg = Debug_DX10|Win32
		{08A5C262-DB3A-484B-B722-908C2BB3A3FF}.Debug_DX10|Win32.Build.0 = Debug_DX10|Win32
		{08A5C262-DB3A-484B-B722-908C2BB3A3FF}.Debug|Win32.ActiveCfg = Debug|Win32
		{08A5C262-DB3A-484B-B722-908C2BB3A3FF}.Debug|Win32.Build.0 = Debug|Win32
		{08A5C262-DB3A-484B-B722-908C2BB3A3FF}.Release_DX10|Win32.ActiveCfg = Release_DX10|Win32
		{08A5C262-DB3A-484B-B722-908C2BB3A3FF}.Release_DX10|Win32.Build.0 = Release_DX10|Win32
		{08A5C262-DB3A-484B-B722-908C2BB3A3FF}.Release|Win32.ActiveCfg = Release|Win32
		{08A5C262-DB3A-484B-B722-908C2BB3A3FF}.Release|Win32.Build.0 = Release|Win32
		{FC49F9C7-8D12-4E86-9ADA-EF37AE355DD0}.Debug_DX10|Win32.ActiveCfg = Debug_DX10|Win32
		{FC49F9C7-8D12-4E86-9ADA-EF37AE355DD0}.Debug_DX10|Win32.Build.0 = Debug_DX10|Win32
		{FC49F9C7-8D12-4E86-9ADA-EF37AE355DD0}.Debug|Win32.ActiveCfg = Debug|Win32
		{FC49F9C7-8D12-4E86-9ADA-EF37AE355DD0}.Debug|Win32.Build.0 = Debug|Win32
		{FC49F9C7-8D12-4E86-9ADA-EF37AE355DD0}.Release_DX10|Win32.ActiveCfg = Release_DX10|Win32
		{FC49F9C7-8D12-4E86-9ADA-EF37AE355DD0}.Release_DX10|Win32.Build.0 = Release_DX10|Win32
		{FC49F9C7-8D12-4E86-9ADA-EF37AE355DD0}.Release|Win32.ActiveCfg = Release|Win32
		{FC49F9C7-8D12-4E86-9ADA-EF37AE355DD0}.Release|Win32.Build.0 = Release|Win32
		{ED9985D9-CD75-4BDB-AD3C-C12BC1012F2E}.Debug_DX10|Win32.ActiveCfg = Debug_DX10|Win32
		{ED9985D9-CD75-4BDB-AD3C-C12BC1012F2E}.Debug_DX10|Win32.Build.0 = Debug_DX10|Win32
		{ED9985D9-CD75-4BDB-AD3C-C12BC1012F2E}.Debug|Win32.ActiveCfg = Debug|Win32
		{ED9985D9-CD75-4BDB-AD3C-C12BC1012F2E}.Debug|Win32.Build.0 = Debug|Win32
		{ED9985D9-CD75-4BDB-AD3C-C12BC1012F2E}.Release_DX10|Win32.ActiveCfg = Release_DX10|Win32
		{ED9985D9-CD75-4BDB-AD3C-C12BC1012F2E}.Release_DX10|Win32.Build.0 = Release_DX10|Win32
		{ED9985D9-CD75-4BDB-AD3C-C12BC1012F2E}.Release|Win32.ActiveCfg = Release|Win32
		{ED9985D9-CD75-4BDB-AD3C-C12BC1012F2E}.Release|Win32.Build.0 = Release|Win32
		{BA50B2B9-25A8-4EF5-B42B-5DE69AC65B58}.Debug_DX10|Win32.ActiveCfg = Debug_DX10|Win32
		{BA50B2B9-25A8-4EF5-B42B-5DE69AC65B58}.Debug_DX10|Win32.Build.0 = Debug_DX10|Win32
		{BA50B2B9-25A8-4EF5-B42B-5DE69AC65B58}.Debug|Win32.ActiveCfg = Debug|Win32
		{BA50B2B9-25A8-4EF5-B42B-5DE69AC65B58}.Debug|Win32.Build.0 = Debug|Win32
		{BA50B2B9-25A8-4EF5-B42B-5DE69AC65B58}.Release_DX10|Win32.ActiveCfg = Release_DX10|Win32
		{BA50B2B9-25A8-4EF5-B42B-5DE69AC65B58}.Release_DX10|Win32.Build.0 = Release_DX10|Win32
		{BA50B2B9-25A8-4EF5-B42B-5DE69AC65B58}.Release|Win32.ActiveCfg = Release|Win32
		{BA50B2B9-25A8-4EF5-B42B-5DE69AC65B58}.Release|Win32.Build.0 = Release|Win32
		{0486C9D5-DF3F-4563-AC8E-E1D020ABAF89}.Debug_DX10|Win32.ActiveCfg = Debug_DX10|Win32
		{0486C9D5-DF3F-4563-AC8E-E1D020ABAF89}.Debug_DX10|Win32.Build.0 = Debug_DX10|Win32
		{0486C9D5-DF3F-4563-AC8E-E1D020ABAF89}.Debug|Win32.ActiveCfg = Debug|Win32
		{0486C9D5-DF3F-4563-AC8E-E1D020ABAF89}.Debug|Win32.Build.0 = Debug|Win32
		{0486C9D5-DF3F-4563-AC8E-E1D020ABAF89}.Release_DX10|Win32.ActiveCfg = Release_DX10|Win32
		{0486C9D5-DF3F-4563-AC8E-E1D020ABAF89}.Release_DX10|Win32.Build.0 = Release_DX10|Win32
		{0486C9D5-DF3F-4563-AC8E-E1D020ABAF89}.Release|Win32.ActiveCfg = Release|Win32
		{0486C9D5-DF3F-4563-AC8E-E1D020ABAF89}.Release|Win32.Build.0 = Release|Win32
		{F77BDA61-D525-43FF-A788-32A3D8AB86FB}.Debug_DX10|Win32.ActiveCfg = Debug_DX10|Win32
		{F77BDA61-D525-43FF-A788-32A3D8AB86FB}.Debug_DX10|Win32.Build.0 = Debug_DX10|Win32
		{F77BDA61-D525-43FF-A788-32A3D8AB86FB}.Debug|Win32.ActiveCfg = Debug|Win32
		{F77BDA61-D525-43FF-A788-32A3D8AB86FB}.Debug|Win32.Build.0 = Debug|Win32
		{F77BDA61-D525-43FF-A788-32A3D8AB86FB}.Release_DX10|Win32.ActiveCfg = Release_DX10|Win32
		{F77BDA61-D525-43FF-A788-32A3D8AB86FB}.Release_DX10|Win32.Build.0 = Release_DX10|Win32
		{F77BDA61-D525-43FF-A788-32A3D8AB86FB}.Release|Win32.ActiveCfg = Release|Win32
		{F77BDA61-D525-43FF-A788-32A3D8AB86FB}.Release|Win32.Build.0 = Release|Win32
		{72AF67B5-5785-4321-982C-DD1304C23E15}.Debug_DX10|Win32.ActiveCfg = Debug_DX10|Win32
		{72AF67B5-5785-4321-982C-DD1304C23E15}.Debug_DX10|Win32.Build.0 = Debug_DX10|Win32
		{72AF67B5-5785-4321-982C-DD1304C23E15}.Debug|Win32.ActiveCfg = Debug|Win32
		{72AF67B5-5785-4321-982C-DD1304C23E15}.Debug|Win32.Build.0 = Debug|Win32
		{72AF67B5-5785-4321-982C-DD1304C23E15}.Release_DX10|Win32.ActiveCfg = Release_DX10|Win32
		{72AF67B5-5785-4321-982C-DD1304C23E15}.Release_DX10|Win32.Build.0 = Release_DX10|Win32
		{72AF67B5-5785-4321-982C-DD1304C23E15}.Release|Win32.ActiveCfg = Release|Win32
		{72AF67B5-5785-4321-982C-DD1304C23E15}.Release|Win32.Build.0 = Release|Win32
		{00627B5E-E927-4ACB-86EA-425997C0193F}.Debug_DX10|Win32.ActiveCfg = Debug_DX10|Win32
		{00627B5E-E927-4ACB-86EA-425997C0193F}.Debug_DX10|Win32.Build.0 = Debug_DX10|Win32
		{00627B5E-E927-4ACB-86EA-425997C0193F}.Debug|Win32.ActiveCfg = Debug|Win32
		{00627B5E-E927-4ACB-86EA-425997C0193F}.Debug|Win32.Build.0 = Debug|Win32
		{00627B5E-E927-4ACB-86EA-425997C0193F}.Release_DX10|Win32.ActiveCfg = Release_DX10|Win32
		{00627B5E-E927-4ACB-86EA-425997C0193F}.Release_DX10|Win32.Build.0 = Release_DX10|Win32
		{00627B5E-E927-4ACB-86EA-425997C0193F}.Release|Win32.ActiveCfg = Release|Win32
		{00627B5E-E927-4ACB-86EA-425997C0193F}.Release|Win32.Build.0 = Release|Win32
		{F2B16801-9377-4AFA-BA3E-EB3991A3FB62}.Debug_DX10|Win32.ActiveCfg = Debug_DX10|Win32
		{F2B16801-9377-4AFA-BA3E-EB3991A3FB62}.Debug_DX10|Win32.Build.0 = Debug_DX10|Win32
		{F2B16801-9377-4AFA-BA3E-EB3991A3FB62}.Debug|Win32.ActiveCfg = Debug|Win32
		{F2B16801-9377-4AFA-BA3E-EB3991A3FB62}.Debug|Win32.Build.0 = Debug|Win32
		{F2B16801-9377-4AFA-BA3E-EB3991A3FB62}.Release_DX10|Win32.ActiveCfg = Release_DX10|Win32
		{F2B16801-9377-4AFA-BA3E-EB3991A3FB62}.Release_DX10|Win32.Build.0 = Release_DX10|Win32
		{F2B16801-9377-4AFA-BA3E-EB3991A3FB62}.Release|Win32.ActiveCfg = Release|Win32
		{F2B16801-9377-4AFA-BA3E-EB3991A3FB62}.Release|Win32.Build.0 = Release|Win32
		{12323F50-B0EE-4582-9F73-41E67A5699A6}.Debug_DX10|Win32.ActiveCfg = Debug_DX10|Win32
		{12323F50-B0EE-4582-9F73-41E67A5699A6}.Debug_DX10|Win32.Build.0 = Debug_DX10|Win32
		{12323F50-B0EE-4582-9F73-41E67A5699A6}.Debug|Win32.ActiveCfg = Debug|Win32
		{12323F50-B0EE-4582-9F73-41E67A5699A6}.Debug|Win32.Build.0 = Debug|Win32
		{12323F50-B0EE-4582-9F73-41E67A5699A6}.Release_DX10|Win32.ActiveCfg = Release_DX10|Win32
		{12323F50-B0EE-4582-9F73-41E67A5699A6}.Release_DX10|Win32.Build.0 = Release_DX10|Win32
		{12323F50-B0EE-4582-9F73-41E67A5699A6}.Release|Win32.ActiveCfg = Release|Win32
		{12323F50-B0EE-4582-9F73-41E67A5699A6}.Release|Win32.Build.0 = Release|Win32
		{43579297-C447-4663-A5A6-ED3509102A48}.Debug_DX10|Win32.ActiveCfg = Debug_DX10|Win32
		{43579297-C447-4663-A5A6-ED3509102A48}.Debug_DX10|Win32.Build.0 = Debug_DX10|Win32
		{43579297-C447-4663-A5A6-ED3509102A48}.Debug|Win32.ActiveCfg = Debug|Win32
		{43579297-C447-4663-A5A6-ED3509102A48}.Debug|Win32.Build.0 = Debug|Win32
		{43579297-C447-4663-A5A6-ED3509102A48}.Release_DX10|Win32.ActiveCfg = Release_DX10|Win32
		{43579297-C447-4663-A5A6-ED3509102A48}.Release_DX10|Win32.Build.0 = Release_DX10|Win32
		{43579297-C447-4663-A5A6-ED3509102A48}.Release|Win32.ActiveCfg = Release|Win32
		{43579297-C447-4663-A5A6-ED3509102A48}.Release|Win32.Build.0 = Release|Win32
		{C1095A4B-2473-4245-896B-2961A4F32786}.Debug_DX10|Win32.ActiveCfg = Debug_DX10|Win32
		{C1095A4B-2473-4245-896B-2961A4F32786}.Debug_DX10|Win32.Build.0 = Debug_DX10|Win32
		{C1095A4B-2473-4245-896B-2961A4F32786}.Debug|Win32.ActiveCfg = Debug|Win32
		{C1095A4B-2473-4245-896B-2961A4F32786}.Debug|Win32.Build.0 = Debug|Win32
		{C1095A4B-2473-4245-896B-2961A4F32786}.Release_DX10|Win32.ActiveCfg = Release_DX10|Win32
		{C1095A4B-2473-4245-896B-2961A4F32786}.Release_DX10|Win32.Build.0 = Release_DX10|Win32
		{C1095A4B-2473-4245-896B-2961A4F32786}.Release|Win32.ActiveCfg = Release|Win32
		{C1095A4B-2473-4245-896B-2961A4F32786}.Release|Win32.Build.0 = Release|Win32
		{64E31FCF-2AD5-46EF-A3B7-3B105F65B2AE}.Debug_DX10|Win32.ActiveCfg = Debug_DX10|Win32
		{64E31FCF-2AD5-46EF-A3B7-3B105F65B2AE}.Debug_DX10|Win32.Build.0 = Debug_DX10|Win32
		{64E31FCF-2AD5-46EF-A3B7-3B105F65B2AE}.Debug|Win32.ActiveCfg = Debug|Win32
		{64E31FCF-2AD5-46EF-A3B7-3B105F65B2AE}.Debug|Win32.Build.0 = Debug|Win32
		{64E31FCF-2AD5-46EF-A3B7-3B105F65B2AE}.Release_DX10|Win32.ActiveCfg = Release_DX10|Win32
		{64E31FCF-2AD5-46EF-A3B7-3B105F65B2AE}.Release_DX10|Win32.Build.0 = Release_DX10|Win32
		{64E31FCF-2AD5-46EF-A3B7-3B105F65B2AE}.Release|Win32.ActiveCfg = Release|Win32
		{64E31FCF-2AD5-46EF-A3B7-3B105F65B2AE}.Release|Win32.Build.0 = Release|Win32
		{D62269A8-1E95-4AAF-973B-37C99BCAECC1}.Debug_DX10|Win32.ActiveCfg = Debug_DX10|Win32
		{D62269A8-1E95-4AAF-973B-37C99BCAECC1}.Debug_DX10|Win32.Build.0 = Debug_DX10|Win32
		{D62269A8-1E95-4AAF-973B-37C99BCAECC1}.Debug|Win32.ActiveCfg = Debug|Win32
		{D62269A8-1E95-4AAF-973B-37C99BCAECC1}.Debug|Win32.Build.0 = Debug|Win32
		{D62269A8-1E95-4AAF-973B-37C99BCAECC1}.Release_DX10|Win32.ActiveCfg = Release_DX10|Win32
		{D62269A8-1E95-4AAF-973B-37C99BCAECC1}.Release_DX10|Win32.Build.0 = Release_DX10|Win32
		{D62269A8-1E95-4AAF-973B-37C99BCAECC1}.Release|Win32.ActiveCfg = Release|Win32
		{D62269A8-1E95-4AAF-973B-37C99BCAECC1}.Release|Win32.Build.0 = Release|Win32
		{95EDD284-B124-4FCC-BEF5-1DE452BD7B99}.Debug_DX10|Win32.ActiveCfg = Debug_DX10|Win32
		{95EDD284-B124-4FCC-BEF5-1DE452BD7B99}.Debug_DX10|Win32.Build.0 = Debug_DX10|Win32
		{95EDD284-B124-4FCC-BEF5-1DE452BD7B99}.Debug|Win32.ActiveCfg = Debug|Win32
		{95EDD284-B124-4FCC-BEF5-1DE452BD7B99}.Debug|Win32.Build.0 = Debug|Win32
		{95EDD284-B124-4FCC-BEF5-1DE452BD7B99}.Release_DX10|Win32.ActiveCfg = Release_DX10|Win32
		{95EDD284-B124-4FCC-BEF5-1DE452BD7B99}.Release_DX10|Win32.Build.0 = Release_DX10|Win32
		{95EDD284-B124-4FCC-BEF5-1DE452BD7B99}.Release|Win32.ActiveCfg = Release|Win32
		{95EDD284-B124-4FCC-BEF5-1DE452BD7B99}.Release|Win32.Build.0 = Release|Win32
		{609EE00D-B6A1-4714-ACF4-1DEBAA604658}.Debug_DX10|Win32.ActiveCfg = Debug_DX10|Win32
		{609EE00D-B6A1-4714-ACF4-1DEBAA604658}.Debug_DX10|Win32.Build.0 = Debug_DX10|Win32
		{609EE00D-B6A1-4714-ACF4-1DEBAA604658}.Debug|Win32.ActiveCfg = Debug|Win32
		{609EE00D-B6A1-4714-ACF4-1DEBAA604658}.Debug|Win32.Build.0 = Debug|Win32
		{609EE00D-B6A1-4714-ACF4-1DEBAA604658}.Release_DX10|Win32.ActiveCfg = Release_DX10|Win32
		{609EE00D-B6A1-4714-ACF4-1DEBAA604658}.Release_DX10|Win32.Build.0 = Release_DX10|Win32
		{609EE00D-B6A1-4714-ACF4-1DEBAA604658}.Release|Win32.ActiveCfg = Release|Win32
		{609EE00D-B6A1-4714-ACF4-1DEBAA604658}.Release|Win32.Build.0 = Release|Win32
		{D5BEB90B-BFE8-42CA-87EC-6B9C8B4643BA}.Debug_DX10|Win32.ActiveCfg = Debug_DX10|Win32
		{D5BEB90B-BFE8-42CA-87EC-6B9C8B4643BA}.Debug_DX10|Win32.Build.0 = Debug_DX10|Win32
		{D5BEB90B-BFE8-42CA-87EC-6B9C8B4643BA}.Debug|Win32.ActiveCfg = Debug|Win32
		{D5BEB90B-BFE8-42CA-87EC-6B9C8B4643BA}.Debug|Win32.Build.0 = Debug|Win32
		{D5BEB90B-BFE8-42CA-87EC-6B9C8B4643BA}.Release_DX10|Win32.ActiveCfg = Release_DX10|Win32
		{D5BEB90B-BFE8-42CA-87EC-6B9C8B4643BA}.Release_DX10|Win32.Build.0 = Release_DX10|Win32
		{D5BEB90B-BFE8-42CA-87EC-6B9C8B4643BA}.Release|Win32.ActiveCfg = Release|Win32
		{D5BEB90B-BFE8-42CA-87EC-6B9C8B4643BA}.Release|Win32.Build.0 = Release|Win32
		{A802FA00-2548-4715-B5C4-95415A0ABE78}.Debug_DX10|Win32.ActiveCfg = Debug_DX10|Win32
		{A802FA00-2548-4715-B5C4-95415A0ABE78}.Debug_DX10|Win32.Build.0 = Debug_DX10|Win32
		{A802FA00-2548-4715-B5C4-95415A0ABE78}.Debug|Win32.ActiveCfg = Debug|Win32
		{A802FA00-2548-4715-B5C4-95415A0ABE78}.Debug|Win32.Build.0 = Debug|Win32
		{A802FA00-2548-4715-B5C4-95415A0ABE78}.Release_DX10|Win32.ActiveCfg = Release_DX10|Win32
		{A802FA00-2548-4715-B5C4-95415A0ABE78}.Release_DX10|Win32.Build.0 = Release_DX10|Win32
		{A802FA00-2548-4715-B5C4-95415A0ABE78}.Release|Win32.ActiveCfg = Release|Win32
		{A802FA00-2548-4715-B5C4-95415A0ABE78}.Release|Win32.Build.0 = Release|Win32
		{89D57E38-5DE3-4020-AE36-DB1C0BE2D718}.Debug_DX10|Win32.ActiveCfg = Debug_DX10|Win32
		{89D57E38-5DE3-4020-AE36-DB1C0BE2D718}.Debug_DX10|Win32.Build.0 = Debug_DX10|Win32
		{89D57E38-5DE3-4020-AE36-DB1C0BE2D718}.Debug|Win32.ActiveCfg = Debug|Win32
		{89D57E38-5DE3-4020-AE36-DB1C0BE2D718}.Debug|Win32.Build.0 = Debug|Win32
		{89D57E38-5DE3-4020-AE36-DB1C0BE2D718}.Release_DX10|Win32.ActiveCfg = Release_DX10|Win32
		{89D57E38-5DE3-4020-AE36-DB1C0BE2D718}.Release_DX10|Win32.Build.0 = Release_DX10|Win32
		{89D57E38-5DE3-4020-AE36-DB1C0BE2D718}.Release|Win32.ActiveCfg = Release|Win32
		{89D57E38-5DE3-4020-AE36-DB1C0BE2D718}.Release|Win32.Build.0 = Release|Win32
		{08A5407A-3859-4EC3-B5FA-FCE2B3053B8E}.Debug_DX10|Win32.ActiveCfg = Debug_DX10|Win32
		{08A5407A-3859-4EC3-B5FA-FCE2B3053B8E}.Debug_DX10|Win32.Build.0 = Debug_DX10|Win32
		{08A5407A-3859-4EC3-B5FA-FCE2B3053B8E}.Debug|Win32.ActiveCfg = Debug|Win32
		{08A5407A-3859-4EC3-B5FA-FCE2B3053B8E}.Debug|Win32.Build.0 = Debug|Win32
		{08A5407A-3859-4EC3-B5FA-FCE2B3053B8E}.Release_DX10|Win32.ActiveCfg = Release_DX10|Win32
		{08A5407A-3859-4EC3-B5FA-FCE2B3053B8E}.Release_DX10|Win32.Build.0 = Release_DX10|Win32
		{08A5407A-3859-4EC3-B5FA-FCE2B3053B8E}.Release|Win32.ActiveCfg = Release|Win32
		{08A5407A-3859-4EC3-B5FA-FCE2B3053B8E}.Release|Win32.Build.0 = Release|Win32
		{F185A81C-248F-440F-A3F9-E29E8E98DD17}.Debug_DX10|Win32.ActiveCfg = Debug_DX10|Win32
		{F185A81C-248F-440F-A3F9-E29E8E98DD17}.Debug_DX10|Win32.Build.0 = Debug_DX10|Win32
		{F185A81C-248F-440F-A3F9-E29E8E98DD17}.Debug|Win32.ActiveCfg = Debug|Win32
		{F185A81C-248F-440F-A3F9-E29E8E98DD17}.Debug|Win32.Build.0 = Debug|Win32
		{F185A81C-248F-440F-A3F9-E29E8E98DD17}.Release_DX10|Win32.ActiveCfg = Release_DX10|Win32
		{F185A81C-248F-440F-A3F9-E29E8E98DD17}.Release_DX10|Win32.Build.0 = Release_DX10|Win32
		{F185A81C-248F-440F-A3F9-E29E8E98DD17}.Release|Win32.ActiveCfg = Release|Win32
		{F185A81C-248F-440F-A3F9-E29E8E98DD17}.Release|Win32.Build.0 = Release|Win32
		{B0C537A2-58D5-4F30-BEDA-8D987C93D98C}.Debug_DX10|Win32.ActiveCfg = Debug_DX10|Win32
		{B0C537A2-58D5-4F30-BEDA-8D987C93D98C}.Debug_DX10|Win32.Build.0 = Debug_DX10|Win32
		{B0C537A2-58D5-4F30-BEDA-8D987C93D98C}.Debug|Win32.ActiveCfg = Debug|Win32
		{B0C537A2-58D5-4F30-BEDA-8D987C93D98C}.Debug|Win32.Build.0 = Debug|Win32
		{B0C537A2-58D5-4F30-BEDA-8D987C93D98C}.Release_DX10|Win32.ActiveCfg = Release_DX10|Win32
		{B0C537A2-58D5-4F30-BEDA-8D987C93D98C}.Release_DX10|Win32.Build.0 = Release_DX10|Win32
		{B0C537A2-58D5-4F30-BEDA-8D987C93D98C}.Release|Win32.ActiveCfg = Release|Win32
		{B0C537A2-58D5-4F30-BEDA-8D987C93D98C}.Release|Win32.Build.0 = Release|Win32
		{F3EBBC9C-8DAE-419F-A351-939594725053}.Debug_DX10|Win32.ActiveCfg = Debug_DX10|Win32
		{F3EBBC9C-8DAE-419F-A351-939594725053}.Debug_DX10|Win32.Build.0 = Debug_DX10|Win32
		{F3EBBC9C-8DAE-419F-A351-939594725053}.Debug|Win32.ActiveCfg = Debug|Win32
		{F3EBBC9C-8DAE-419F-A351-939594725053}.Debug|Win32.Build.0 = Debug|Win32
		{F3EBBC9C-8DAE-419F-A351-939594725053}.Release_DX10|Win32.ActiveCfg = Release_DX10|Win32
		{F3EBBC9C-8DAE-419F-A351-939594725053}.Release_DX10|Win32.Build.0 = Release_DX10|Win32
		{F3EBBC9C-8DAE-419F-A351-939594725053}.Release|Win32.ActiveCfg = Release|Win32
		{F3EBBC9C-8DAE-419F-A351-939594725053}.Release|Win32.Build.0 = Release|Win32
		{684812BF-2AC7-4B95-B54A-A16137859124}.Debug_DX10|Win32.ActiveCfg = Debug_DX10|Win32
		{684812BF-2AC7-4B95-B54A-A16137859124}.Debug_DX10|Win32.Build.0 = Debug_DX10|Win32
		{684812BF-2AC7-4B95-B54A-A16137859124}.Debug|Win32.ActiveCfg = Debug|Win32
		{684812BF-2AC7-4B95-B54A-A16137859124}.Debug|Win32.Build.0 = Debug|Win32
		{684812BF-2AC7-4B95-B54A-A16137859124}.Release_DX10|Win32.ActiveCfg = Release_DX10|Win32
		{684812BF-2AC7-4B95-B54A-A16137859124}.Release_DX10|Win32.Build.0 = Release_DX10|Win32
		{684812BF-2AC7-4B95-B54A-A16137859124}.Release|Win32.ActiveCfg = Release|Win32
		{684812BF-2AC7-4B95-B54A-A16137859124}.Release|Win32.Build.0 = Release|Win32
		{A1F740F6-37C6-46C9-951C-EEB4115F6122}.Debug_DX10|Win32.ActiveCfg = Debug_DX10|Win32
		{A1F740F6-37C6-46C9-951C-EEB4115F6122}.Debug_DX10|Win32.Build.0 = Debug_DX10|Win32
		{A1F740F6-37C6-46C9-951C-EEB4115F6122}.Debug|Win32.ActiveCfg = Debug|Win32
		{A1F740F6-37C6-46C9-951C-EEB4115F6122}.Debug|Win32.Build.0 = Debug|Win32
		{A1F740F6-37C6-46C9-951C-EEB4115F6122}.Release_DX10|Win32.ActiveCfg = Release_DX10|Win32
		{A1F740F6-37C6-46C9-951C-EEB4115F6122}.Release_DX10|Win32.Build.0 = Release_DX10|Win32
		{A1F740F6-37C6-46C9-951C-EEB4115F6122}.Release|Win32.ActiveCfg = Release|Win32
		{A1F740F6-37C6-46C9-951C-EEB4115F6122}.Release|Win32.Build.0 = Release|Win32
		{63F08BCF-F309-4727-A0F6-B69DF9AB5721}.Debug_DX10|Win32.ActiveCfg = Debug_DX10|Win32
		{63F08BCF-F309-4727-A0F6-B69DF9AB5721}.Debug_DX10|Win32.Build.0 = Debug_DX10|Win32
		{63F08BCF-F309-4727-A0F6-B69DF9AB5721}.Debug|Win32.ActiveCfg = Debug|Win32
		{63F08BCF-F309-4727-A0F6-B69DF9AB5721}.Debug|Win32.Build.0 = Debug|Win32
		{63F08BCF-F309-4727-A0F6-B69DF9AB5721}.Release_DX10|Win32.ActiveCfg = Release_DX10|Win32
		{63F08BCF-F309-4727-A0F6-B69DF9AB5721}.Release_DX10|Win32.Build.0 = Release_DX10|Win32
		{63F08BCF-F309-4727-A0F6-B69DF9AB5721}.Release|Win32.ActiveCfg = Release|Win32
		{63F08BCF-F309-4727-A0F6-B69DF9AB5721}.Release|Win32.Build.0 = Release|Win32
		{CC84D436-B9BD-4222-B6DA-988ABE4FB915}.Debug_DX10|Win32.ActiveCfg = Debug_DX10|Win32
		{CC84D436-B9BD-4222-B6DA-988ABE4FB915}.Debug_DX10|Win32.Build.0 = Debug_DX10|Win32
		{CC84D436-B9BD-4222-B6DA-988ABE4FB915}.Debug|Win32.ActiveCfg = Debug|Win32
		{CC84D436-B9BD-4222-B6DA-988ABE4FB915}.Debug|Win32.Build.0 = Debug|Win32
		{CC84D436-B9BD-4222-B6DA-988ABE4FB915}.Release_DX10|Win32.ActiveCfg = Release_DX10|Win32
		{CC84D436-B9BD-4222-B6DA-988ABE4FB915}.Release_DX10|Win32.Build.0 = Release_DX10|Win32
		{CC84D436-B9BD-4222-B6DA-988ABE4FB915}.Release|Win32.ActiveCfg = Release|Win32
		{CC84D436-B9BD-4222-B6DA-988ABE4FB915}.Release|Win32.Build.0 = Release|Win32
		{2476195A-AEC2-49B3-BC88-98C385D5E002}.Debug_DX10|Win32.ActiveCfg = Debug_DX10|Win32
		{2476195A-AEC2-49B3-BC88-98C385D5E002}.Debug_DX10|Win32.Build.0 = Debug_DX10|Win32
		{2476195A-AEC2-49B3-BC88-98C385D5E002}.Debug|Win32.ActiveCfg = Debug|Win32
		{2476195A-AEC2-49B3-BC88-98C385D5E002}.Debug|Win32.Build.0 = Debug|Win32
		{2476195A-AEC2-49B3-BC88-98C385D5E002}.Release_DX10|Win32.ActiveCfg = Release_DX10|Win32
		{2476195A-AEC2-49B3-BC88-98C385D5E002}.Release_DX10|Win32.Build.0 = Release_DX10|Win32
		{2476195A-AEC2-49B3-BC88-98C385D5E002}.Release|Win32.ActiveCfg = Release|Win32
		{2476195A-AEC2-49B3-BC88-98C385D5E002}.Release|Win32.Build.0 = Release|Win32
		{DAC2C7C8-7875-4956-89A0-AE5D9D42E474}.Debug_DX10|Win32.ActiveCfg = Debug_DX10|Win32
		{DAC2C7C8-7875-4956-89A0-AE5D9D42E474}.Debug_DX10|Win32.Build.0 = Debug_DX10|Win32
		{DAC2C7C8-7875-4956-89A0-AE5D9D42E474}.Debug|Win32.ActiveCfg = Debug|Win32
		{DAC2C7C8-7875-4956-89A0-AE5D9D42E474}.Debug|Win32.Build.0 = Debug|Win32
		{DAC2C7C8-7875-4956-89A0-AE5D9D42E474}.Release_DX10|Win32.ActiveCfg = Release_DX10|Win32
		{DAC2C7C8-7875-4956-89A0-AE5D9D42E474}.Release_DX10|Win32.Build.0 = Release_DX10|Win32
		{DAC2C7C8-7875-4956-89A0-AE5D9D42E474}.Release|Win32.ActiveCfg = Release|Win32
		{DAC2C7C8-7875-4956-89A0-AE5D9D42E474}.Release|Win32.Build.0 = Release|Win32
		{6E0324A9-0E12-4BD6-A806-B3776441C082}.Debug_DX10|Win32.ActiveCfg = Debug_DX10|Win32
		{6E0324A9-0E12-4BD6-A806-B3776441C082}.Debug_DX10|Win32.Build.0 = Debug_DX10|Win32
		{6E0324A9-0E12-4BD6-A806-B3776441C082}.Debug|Win32.ActiveCfg = Debug|Win32
		{6E0324A9-0E12-4BD6-A806-B3776441C082}.Debug|Win32.Build.0 = Debug|Win32
		{6E0324A9-0E12-4BD6-A806-B3776441C082}.Release_DX10|Win32.ActiveCfg = Release_DX10|Win32
		{6E0324A9-0E12-4BD6-A806-B3776441C082}.Release_DX10|Win32.Build.0 = Release_DX10|Win32
		{6E0324A9-0E12-4BD6-A806-B3776441C082}.Release|Win32.ActiveCfg = Release|Win32
		{6E0324A9-0E12-4BD6-A806-B3776441C082}.Release|Win32.Build.0 = Release|Win32
		{F06ADD61-1B7B-437A-98D9-9C79D5D93789}.Debug_DX10|Win32.ActiveCfg = Debug_DX10|Win32
		{F06ADD61-1B7B-437A-98D9-9C79D5D93789}.Debug_DX10|Win32.Build.0 = Debug_DX10|Win32
		{F06ADD61-1B7B-437A-98D9-9C79D5D93789}.Debug|Win32.ActiveCfg = Debug|Win32
		{F06ADD61-1B7B-437A-98D9-9C79D5D93789}.Debug|Win32.Build.0 = Debug|Win32
		{F06ADD61-1B7B-437A-98D9-9C79D5D93789}.Release_DX10|Win32.ActiveCfg = Release_DX10|Win32
		{F06ADD61-1B7B-437A-98D9-9C79D5D93789}.Release_DX10|Win32.Build.0 = Release_DX10|Win32
		{F06ADD61-1B7B-437A-98D9-9C79D5D93789}.Release|Win32.ActiveCfg = Release|Win32
		{F06ADD61-1B7B-437A-98D9-9C79D5D93789}.Release|Win32.Build.0 = Release|Win32
		{622C9727-6927-496D-A44D-16BA18B95EF3}.Debug_DX10|Win32.ActiveCfg = Debug_DX10|Win32
		{622C9727-6927-496D-A44D-16BA18B95EF3}.Debug_DX10|Win32.Build.0 = Debug_DX10|Win32
		{622C9727-6927-496D-A44D-16BA18B95EF3}.Debug|Win32.ActiveCfg = Debug|Win32
		{622C9727-6927-496D-A44D-16BA18B95EF3}.Debug|Win32.Build.0 = Debug|Win32
		{622C9727-6927-496D-A44D-16BA18B95EF3}.Release_DX10|Win32.ActiveCfg = Release_DX10|Win32
		{622C9727-6927-496D-A44D-16BA18B95EF3}.Release_DX10|Win32.Build.0 = Release_DX10|Win32
		{622C9727-6927-496D-A44D-16BA18B95EF3}.Release|Win32.ActiveCfg = Release|Win32
		{622C9727-6927-496D-A44D-16BA18B95EF3}.Release|Win32.Build.0 = Release|Win32
	EndGlobalSection
	GlobalSection(SolutionProperties) = preSolution
		HideSolutionNode = FALSE
	EndGlobalSection
	GlobalSection(NestedProjects) = preSolution
		{FC49F9C7-8D12-4E86-9ADA-EF37AE355DD0} = {D75BFA3F-A9AF-40DF-BC5F-0F37AD987109}
		{ED9985D9-CD75-4BDB-AD3C-C12BC1012F2E} = {D75BFA3F-A9AF-40DF-BC5F-0F37AD987109}
		{BA50B2B9-25A8-4EF5-B42B-5DE69AC65B58} = {D75BFA3F-A9AF-40DF-BC5F-0F37AD987109}
		{0486C9D5-DF3F-4563-AC8E-E1D020ABAF89} = {D75BFA3F-A9AF-40DF-BC5F-0F37AD987109}
		{F77BDA61-D525-43FF-A788-32A3D8AB86FB} = {D75BFA3F-A9AF-40DF-BC5F-0F37AD987109}
		{72AF67B5-5785-4321-982C-DD1304C23E15} = {D75BFA3F-A9AF-40DF-BC5F-0F37AD987109}
		{00627B5E-E927-4ACB-86EA-425997C0193F} = {D75BFA3F-A9AF-40DF-BC5F-0F37AD987109}
		{F2B16801-9377-4AFA-BA3E-EB3991A3FB62} = {D75BFA3F-A9AF-40DF-BC5F-0F37AD987109}
		{08A5C262-DB3A-484B-B722-908C2BB3A3FF} = {D75BFA3F-A9AF-40DF-BC5F-0F37AD987109}
		{43579297-C447-4663-A5A6-ED3509102A48} = {088474F9-1847-4AAC-909E-8F6B88B1B7DF}
		{C1095A4B-2473-4245-896B-2961A4F32786} = {088474F9-1847-4AAC-909E-8F6B88B1B7DF}
		{64E31FCF-2AD5-46EF-A3B7-3B105F65B2AE} = {088474F9-1847-4AAC-909E-8F6B88B1B7DF}
		{D62269A8-1E95-4AAF-973B-37C99BCAECC1} = {088474F9-1847-4AAC-909E-8F6B88B1B7DF}
		{95EDD284-B124-4FCC-BEF5-1DE452BD7B99} = {088474F9-1847-4AAC-909E-8F6B88B1B7DF}
		{609EE00D-B6A1-4714-ACF4-1DEBAA604658} = {088474F9-1847-4AAC-909E-8F6B88B1B7DF}
		{D5BEB90B-BFE8-42CA-87EC-6B9C8B4643BA} = {088474F9-1847-4AAC-909E-8F6B88B1B7DF}
		{A802FA00-2548-4715-B5C4-95415A0ABE78} = {088474F9-1847-4AAC-909E-8F6B88B1B7DF}
		{89D57E38-5DE3-4020-AE36-DB1C0BE2D718} = {088474F9-1847-4AAC-909E-8F6B88B1B7DF}
		{08A5407A-3859-4EC3-B5FA-FCE2B3053B8E} = {67D9AA94-8BF4-4893-81E4-E0A755113C8D}
		{F185A81C-248F-440F-A3F9-E29E8E98DD17} = {67D9AA94-8BF4-4893-81E4-E0A755113C8D}
		{B0C537A2-58D5-4F30-BEDA-8D987C93D98C} = {67D9AA94-8BF4-4893-81E4-E0A755113C8D}
		{F3EBBC9C-8DAE-419F-A351-939594725053} = {67D9AA94-8BF4-4893-81E4-E0A755113C8D}
		{684812BF-2AC7-4B95-B54A-A16137859124} = {67D9AA94-8BF4-4893-81E4-E0A755113C8D}
		{A1F740F6-37C6-46C9-951C-EEB4115F6122} = {67D9AA94-8BF4-4893-81E4-E0A755113C8D}
		{63F08BCF-F309-4727-A0F6-B69DF9AB5721} = {67D9AA94-8BF4-4893-81E4-E0A755113C8D}
		{CC84D436-B9BD-4222-B6DA-988ABE4FB915} = {15429CD8-DCB4-4ED5-88EA-E66D326D0D75}
		{2476195A-AEC2-49B3-BC88-98C385D5E002} = {15429CD8-DCB4-4ED5-88EA-E66D326D0D75}
		{DAC2C7C8-7875-4956-89A0-AE5D9D42E474} = {15429CD8-DCB4-4ED5-88EA-E66D326D0D75}
		{6E0324A9-0E12-4BD6-A806-B3776441C082} = {15429CD8-DCB4-4ED5-88EA-E66D326D0D75}
		{F06ADD61-1B7B-437A-98D9-9C79D5D93789} = {15429CD8-DCB4-4ED5-88EA-E66D326D0D75}
		{622C9727-6927-496D-A44D-16BA18B95EF3} = {15429CD8-DCB4-4ED5-88EA-E66D326D0D75}
	EndGlobalSection
EndGlobal
