<?xml version="1.0" encoding="utf-8"?>
<Project ToolsVersion="4.0" xmlns="http://schemas.microsoft.com/developer/msbuild/2003">
  <ItemGroup>
    <Filter Include="Source Files">
      <UniqueIdentifier>{4FC737F1-C7A5-4376-A066-2A32D752A2FF}</UniqueIdentifier>
      <Extensions>cpp;c;cc;cxx;def;odl;idl;hpj;bat;asm;asmx</Extensions>
    </Filter>
    <Filter Include="Header Files">
      <UniqueIdentifier>{93995380-89BD-4b04-88EB-625FBE52EBFB}</UniqueIdentifier>
      <Extensions>h;hpp;hxx;hm;inl;inc;xsd</Extensions>
    </Filter>
    <Filter Include="Shaders">
      <UniqueIdentifier>{892f9b2b-917c-4fb4-b83c-b14ec8144b3e}</UniqueIdentifier>
    </Filter>
  </ItemGroup>
  <ItemGroup>
    <ClCompile Include="main.cpp">
      <Filter>Source Files</Filter>
    </ClCompile>
    <ClCompile Include="render_data.cpp">
      <Filter>Source Files</Filter>
    </ClCompile>
    <ClCompile Include="render_dx10.cpp">
      <Filter>Source Files</Filter>
    </ClCompile>
    <ClCompile Include="render_dx9.cpp">
      <Filter>Source Files</Filter>
    </ClCompile>
    <ClCompile Include="render_opengl.cpp">
      <Filter>Source Files</Filter>
    </ClCompile>
  </ItemGroup>
  <ItemGroup>
    <ClInclude Include="render_data.h">
      <Filter>Source Files</Filter>
    </ClInclude>
    <ClInclude Include="render_dx10.h">
      <Filter>Source Files</Filter>
    </ClInclude>
    <ClInclude Include="render_dx9.h">
      <Filter>Source Files</Filter>
    </ClInclude>
    <ClInclude Include="render_opengl.h">
      <Filter>Source Files</Filter>
    </ClInclude>
  </ItemGroup>
  <ItemGroup>
    <FxCompile Include="..\..\shaders\vertex_lighting_all_dx10.hlsl">
      <Filter>Shaders</Filter>
    </FxCompile>
  </ItemGroup>
  <ItemGroup>
    <None Include="..\..\shaders\vertex_lighting_directional.shader">
      <Filter>Shaders</Filter>
    </None>
    <None Include="..\..\shaders\vertex_lighting_point.shader">
      <Filter>Shaders</Filter>
    </None>
    <None Include="..\..\shaders\vertex_lighting_spot.shader">
      <Filter>Shaders</Filter>
    </None>
  </ItemGroup>
</Project>