
Microsoft Visual Studio Solution File, Format Version 12.00
# Visual Studio 15
VisualStudioVersion = 15.0.27703.2035
MinimumVisualStudioVersion = 10.0.40219.1
Project("{8BC9CEB8-8B4A-11D0-8D11-00A0C91BC942}") = "别踩白块-双人版", "别踩白块-双人版\别踩白块-双人版.vcxproj", "{71DB19E7-B213-4272-86F7-CB37B1B161F5}"
EndProject
Project("{8BC9CEB8-8B4A-11D0-8D11-00A0C91BC942}") = "矿井逃生", "矿井逃生\矿井逃生.vcxproj", "{3726FCEA-C9EE-46C0-BD70-BB506E8430DA}"
EndProject
Project("{8BC9CEB8-8B4A-11D0-8D11-00A0C91BC942}") = "扔香蕉的大猩猩", "扔香蕉的大猩猩\扔香蕉的大猩猩.vcxproj", "{0E5E906F-BAB4-4516-98A9-F1EC566F318B}"
EndProject
Project("{8BC9CEB8-8B4A-11D0-8D11-00A0C91BC942}") = "贪吃蛇游戏的双人对战版", "贪吃蛇游戏的双人对战版\贪吃蛇游戏的双人对战版.vcxproj", "{16200473-A851-492F-9069-B8F729584BB8}"
EndProject
Project("{8BC9CEB8-8B4A-11D0-8D11-00A0C91BC942}") = "走迷宫", "走迷宫\走迷宫.vcxproj", "{C859A13D-51B2-43A1-91D7-FD89081675A9}"
EndProject
Project("{8BC9CEB8-8B4A-11D0-8D11-00A0C91BC942}") = "俄罗斯方块", "俄罗斯方块\俄罗斯方块.vcxproj", "{41788FF6-B3D6-42AB-A36D-B085673DD611}"
EndProject
Project("{8BC9CEB8-8B4A-11D0-8D11-00A0C91BC942}") = "打字母", "打字母\打字母.vcxproj", "{8C755D92-577F-4C71-A4F9-3029C6E6E37B}"
EndProject
Project("{8BC9CEB8-8B4A-11D0-8D11-00A0C91BC942}") = "小球碰撞运动", "小球碰撞运动\小球碰撞运动.vcxproj", "{2052B298-3741-4E44-9CC9-1A50F446250D}"
EndProject
Project("{8BC9CEB8-8B4A-11D0-8D11-00A0C91BC942}") = "十字消除", "十字消除\十字消除.vcxproj", "{6413CBBC-5E89-4969-8D10-19A026EC6CDC}"
EndProject
Project("{8BC9CEB8-8B4A-11D0-8D11-00A0C91BC942}") = "打飞机", "打飞机\打飞机.vcxproj", "{46878FC3-B42F-4334-BEAF-C339D4CC82D2}"
EndProject
Project("{8BC9CEB8-8B4A-11D0-8D11-00A0C91BC942}") = "火柴人跳跃", "火柴人跳跃\火柴人跳跃.vcxproj", "{61DAE453-E27F-47B6-BF30-72FFF2CD757E}"
EndProject
Project("{8BC9CEB8-8B4A-11D0-8D11-00A0C91BC942}") = "华容道", "华容道\华容道.vcxproj", "{0F9A58A8-46F4-4A09-A41B-2292E33F6B21}"
EndProject
Project("{8BC9CEB8-8B4A-11D0-8D11-00A0C91BC942}") = "大战黑帮", "大战黑帮\大战黑帮.vcxproj", "{992D3C81-2071-4153-9322-A14EDE5BD4DD}"
EndProject
Project("{8BC9CEB8-8B4A-11D0-8D11-00A0C91BC942}") = "超级马里奥", "超级马里奥\超级马里奥.vcxproj", "{35A27F74-CE89-4A0F-8361-656111190FBF}"
EndProject
Global
	GlobalSection(SolutionConfigurationPlatforms) = preSolution
		Debug|x64 = Debug|x64
		Debug|x86 = Debug|x86
		Release|x64 = Release|x64
		Release|x86 = Release|x86
	EndGlobalSection
	GlobalSection(ProjectConfigurationPlatforms) = postSolution
		{71DB19E7-B213-4272-86F7-CB37B1B161F5}.Debug|x64.ActiveCfg = Debug|x64
		{71DB19E7-B213-4272-86F7-CB37B1B161F5}.Debug|x64.Build.0 = Debug|x64
		{71DB19E7-B213-4272-86F7-CB37B1B161F5}.Debug|x86.ActiveCfg = Debug|Win32
		{71DB19E7-B213-4272-86F7-CB37B1B161F5}.Debug|x86.Build.0 = Debug|Win32
		{71DB19E7-B213-4272-86F7-CB37B1B161F5}.Release|x64.ActiveCfg = Release|x64
		{71DB19E7-B213-4272-86F7-CB37B1B161F5}.Release|x64.Build.0 = Release|x64
		{71DB19E7-B213-4272-86F7-CB37B1B161F5}.Release|x86.ActiveCfg = Release|Win32
		{71DB19E7-B213-4272-86F7-CB37B1B161F5}.Release|x86.Build.0 = Release|Win32
		{3726FCEA-C9EE-46C0-BD70-BB506E8430DA}.Debug|x64.ActiveCfg = Debug|x64
		{3726FCEA-C9EE-46C0-BD70-BB506E8430DA}.Debug|x64.Build.0 = Debug|x64
		{3726FCEA-C9EE-46C0-BD70-BB506E8430DA}.Debug|x86.ActiveCfg = Debug|Win32
		{3726FCEA-C9EE-46C0-BD70-BB506E8430DA}.Debug|x86.Build.0 = Debug|Win32
		{3726FCEA-C9EE-46C0-BD70-BB506E8430DA}.Release|x64.ActiveCfg = Release|x64
		{3726FCEA-C9EE-46C0-BD70-BB506E8430DA}.Release|x64.Build.0 = Release|x64
		{3726FCEA-C9EE-46C0-BD70-BB506E8430DA}.Release|x86.ActiveCfg = Release|Win32
		{3726FCEA-C9EE-46C0-BD70-BB506E8430DA}.Release|x86.Build.0 = Release|Win32
		{0E5E906F-BAB4-4516-98A9-F1EC566F318B}.Debug|x64.ActiveCfg = Debug|x64
		{0E5E906F-BAB4-4516-98A9-F1EC566F318B}.Debug|x64.Build.0 = Debug|x64
		{0E5E906F-BAB4-4516-98A9-F1EC566F318B}.Debug|x86.ActiveCfg = Debug|Win32
		{0E5E906F-BAB4-4516-98A9-F1EC566F318B}.Debug|x86.Build.0 = Debug|Win32
		{0E5E906F-BAB4-4516-98A9-F1EC566F318B}.Release|x64.ActiveCfg = Release|x64
		{0E5E906F-BAB4-4516-98A9-F1EC566F318B}.Release|x64.Build.0 = Release|x64
		{0E5E906F-BAB4-4516-98A9-F1EC566F318B}.Release|x86.ActiveCfg = Release|Win32
		{0E5E906F-BAB4-4516-98A9-F1EC566F318B}.Release|x86.Build.0 = Release|Win32
		{16200473-A851-492F-9069-B8F729584BB8}.Debug|x64.ActiveCfg = Debug|x64
		{16200473-A851-492F-9069-B8F729584BB8}.Debug|x64.Build.0 = Debug|x64
		{16200473-A851-492F-9069-B8F729584BB8}.Debug|x86.ActiveCfg = Debug|Win32
		{16200473-A851-492F-9069-B8F729584BB8}.Debug|x86.Build.0 = Debug|Win32
		{16200473-A851-492F-9069-B8F729584BB8}.Release|x64.ActiveCfg = Release|x64
		{16200473-A851-492F-9069-B8F729584BB8}.Release|x64.Build.0 = Release|x64
		{16200473-A851-492F-9069-B8F729584BB8}.Release|x86.ActiveCfg = Release|Win32
		{16200473-A851-492F-9069-B8F729584BB8}.Release|x86.Build.0 = Release|Win32
		{C859A13D-51B2-43A1-91D7-FD89081675A9}.Debug|x64.ActiveCfg = Debug|x64
		{C859A13D-51B2-43A1-91D7-FD89081675A9}.Debug|x64.Build.0 = Debug|x64
		{C859A13D-51B2-43A1-91D7-FD89081675A9}.Debug|x86.ActiveCfg = Debug|Win32
		{C859A13D-51B2-43A1-91D7-FD89081675A9}.Debug|x86.Build.0 = Debug|Win32
		{C859A13D-51B2-43A1-91D7-FD89081675A9}.Release|x64.ActiveCfg = Release|x64
		{C859A13D-51B2-43A1-91D7-FD89081675A9}.Release|x64.Build.0 = Release|x64
		{C859A13D-51B2-43A1-91D7-FD89081675A9}.Release|x86.ActiveCfg = Release|Win32
		{C859A13D-51B2-43A1-91D7-FD89081675A9}.Release|x86.Build.0 = Release|Win32
		{41788FF6-B3D6-42AB-A36D-B085673DD611}.Debug|x64.ActiveCfg = Debug|x64
		{41788FF6-B3D6-42AB-A36D-B085673DD611}.Debug|x64.Build.0 = Debug|x64
		{41788FF6-B3D6-42AB-A36D-B085673DD611}.Debug|x86.ActiveCfg = Debug|Win32
		{41788FF6-B3D6-42AB-A36D-B085673DD611}.Debug|x86.Build.0 = Debug|Win32
		{41788FF6-B3D6-42AB-A36D-B085673DD611}.Release|x64.ActiveCfg = Release|x64
		{41788FF6-B3D6-42AB-A36D-B085673DD611}.Release|x64.Build.0 = Release|x64
		{41788FF6-B3D6-42AB-A36D-B085673DD611}.Release|x86.ActiveCfg = Release|Win32
		{41788FF6-B3D6-42AB-A36D-B085673DD611}.Release|x86.Build.0 = Release|Win32
		{8C755D92-577F-4C71-A4F9-3029C6E6E37B}.Debug|x64.ActiveCfg = Debug|x64
		{8C755D92-577F-4C71-A4F9-3029C6E6E37B}.Debug|x64.Build.0 = Debug|x64
		{8C755D92-577F-4C71-A4F9-3029C6E6E37B}.Debug|x86.ActiveCfg = Debug|Win32
		{8C755D92-577F-4C71-A4F9-3029C6E6E37B}.Debug|x86.Build.0 = Debug|Win32
		{8C755D92-577F-4C71-A4F9-3029C6E6E37B}.Release|x64.ActiveCfg = Release|x64
		{8C755D92-577F-4C71-A4F9-3029C6E6E37B}.Release|x64.Build.0 = Release|x64
		{8C755D92-577F-4C71-A4F9-3029C6E6E37B}.Release|x86.ActiveCfg = Release|Win32
		{8C755D92-577F-4C71-A4F9-3029C6E6E37B}.Release|x86.Build.0 = Release|Win32
		{2052B298-3741-4E44-9CC9-1A50F446250D}.Debug|x64.ActiveCfg = Debug|x64
		{2052B298-3741-4E44-9CC9-1A50F446250D}.Debug|x64.Build.0 = Debug|x64
		{2052B298-3741-4E44-9CC9-1A50F446250D}.Debug|x86.ActiveCfg = Debug|Win32
		{2052B298-3741-4E44-9CC9-1A50F446250D}.Debug|x86.Build.0 = Debug|Win32
		{2052B298-3741-4E44-9CC9-1A50F446250D}.Release|x64.ActiveCfg = Release|x64
		{2052B298-3741-4E44-9CC9-1A50F446250D}.Release|x64.Build.0 = Release|x64
		{2052B298-3741-4E44-9CC9-1A50F446250D}.Release|x86.ActiveCfg = Release|Win32
		{2052B298-3741-4E44-9CC9-1A50F446250D}.Release|x86.Build.0 = Release|Win32
		{6413CBBC-5E89-4969-8D10-19A026EC6CDC}.Debug|x64.ActiveCfg = Debug|x64
		{6413CBBC-5E89-4969-8D10-19A026EC6CDC}.Debug|x64.Build.0 = Debug|x64
		{6413CBBC-5E89-4969-8D10-19A026EC6CDC}.Debug|x86.ActiveCfg = Debug|Win32
		{6413CBBC-5E89-4969-8D10-19A026EC6CDC}.Debug|x86.Build.0 = Debug|Win32
		{6413CBBC-5E89-4969-8D10-19A026EC6CDC}.Release|x64.ActiveCfg = Release|x64
		{6413CBBC-5E89-4969-8D10-19A026EC6CDC}.Release|x64.Build.0 = Release|x64
		{6413CBBC-5E89-4969-8D10-19A026EC6CDC}.Release|x86.ActiveCfg = Release|Win32
		{6413CBBC-5E89-4969-8D10-19A026EC6CDC}.Release|x86.Build.0 = Release|Win32
		{46878FC3-B42F-4334-BEAF-C339D4CC82D2}.Debug|x64.ActiveCfg = Debug|x64
		{46878FC3-B42F-4334-BEAF-C339D4CC82D2}.Debug|x64.Build.0 = Debug|x64
		{46878FC3-B42F-4334-BEAF-C339D4CC82D2}.Debug|x86.ActiveCfg = Debug|Win32
		{46878FC3-B42F-4334-BEAF-C339D4CC82D2}.Debug|x86.Build.0 = Debug|Win32
		{46878FC3-B42F-4334-BEAF-C339D4CC82D2}.Release|x64.ActiveCfg = Release|x64
		{46878FC3-B42F-4334-BEAF-C339D4CC82D2}.Release|x64.Build.0 = Release|x64
		{46878FC3-B42F-4334-BEAF-C339D4CC82D2}.Release|x86.ActiveCfg = Release|Win32
		{46878FC3-B42F-4334-BEAF-C339D4CC82D2}.Release|x86.Build.0 = Release|Win32
		{61DAE453-E27F-47B6-BF30-72FFF2CD757E}.Debug|x64.ActiveCfg = Debug|x64
		{61DAE453-E27F-47B6-BF30-72FFF2CD757E}.Debug|x64.Build.0 = Debug|x64
		{61DAE453-E27F-47B6-BF30-72FFF2CD757E}.Debug|x86.ActiveCfg = Debug|Win32
		{61DAE453-E27F-47B6-BF30-72FFF2CD757E}.Debug|x86.Build.0 = Debug|Win32
		{61DAE453-E27F-47B6-BF30-72FFF2CD757E}.Release|x64.ActiveCfg = Release|x64
		{61DAE453-E27F-47B6-BF30-72FFF2CD757E}.Release|x64.Build.0 = Release|x64
		{61DAE453-E27F-47B6-BF30-72FFF2CD757E}.Release|x86.ActiveCfg = Release|Win32
		{61DAE453-E27F-47B6-BF30-72FFF2CD757E}.Release|x86.Build.0 = Release|Win32
		{0F9A58A8-46F4-4A09-A41B-2292E33F6B21}.Debug|x64.ActiveCfg = Debug|x64
		{0F9A58A8-46F4-4A09-A41B-2292E33F6B21}.Debug|x64.Build.0 = Debug|x64
		{0F9A58A8-46F4-4A09-A41B-2292E33F6B21}.Debug|x86.ActiveCfg = Debug|Win32
		{0F9A58A8-46F4-4A09-A41B-2292E33F6B21}.Debug|x86.Build.0 = Debug|Win32
		{0F9A58A8-46F4-4A09-A41B-2292E33F6B21}.Release|x64.ActiveCfg = Release|x64
		{0F9A58A8-46F4-4A09-A41B-2292E33F6B21}.Release|x64.Build.0 = Release|x64
		{0F9A58A8-46F4-4A09-A41B-2292E33F6B21}.Release|x86.ActiveCfg = Release|Win32
		{0F9A58A8-46F4-4A09-A41B-2292E33F6B21}.Release|x86.Build.0 = Release|Win32
		{992D3C81-2071-4153-9322-A14EDE5BD4DD}.Debug|x64.ActiveCfg = Debug|x64
		{992D3C81-2071-4153-9322-A14EDE5BD4DD}.Debug|x64.Build.0 = Debug|x64
		{992D3C81-2071-4153-9322-A14EDE5BD4DD}.Debug|x86.ActiveCfg = Debug|Win32
		{992D3C81-2071-4153-9322-A14EDE5BD4DD}.Debug|x86.Build.0 = Debug|Win32
		{992D3C81-2071-4153-9322-A14EDE5BD4DD}.Release|x64.ActiveCfg = Release|x64
		{992D3C81-2071-4153-9322-A14EDE5BD4DD}.Release|x64.Build.0 = Release|x64
		{992D3C81-2071-4153-9322-A14EDE5BD4DD}.Release|x86.ActiveCfg = Release|Win32
		{992D3C81-2071-4153-9322-A14EDE5BD4DD}.Release|x86.Build.0 = Release|Win32
		{35A27F74-CE89-4A0F-8361-656111190FBF}.Debug|x64.ActiveCfg = Debug|x64
		{35A27F74-CE89-4A0F-8361-656111190FBF}.Debug|x64.Build.0 = Debug|x64
		{35A27F74-CE89-4A0F-8361-656111190FBF}.Debug|x86.ActiveCfg = Debug|Win32
		{35A27F74-CE89-4A0F-8361-656111190FBF}.Debug|x86.Build.0 = Debug|Win32
		{35A27F74-CE89-4A0F-8361-656111190FBF}.Release|x64.ActiveCfg = Release|x64
		{35A27F74-CE89-4A0F-8361-656111190FBF}.Release|x64.Build.0 = Release|x64
		{35A27F74-CE89-4A0F-8361-656111190FBF}.Release|x86.ActiveCfg = Release|Win32
		{35A27F74-CE89-4A0F-8361-656111190FBF}.Release|x86.Build.0 = Release|Win32
	EndGlobalSection
	GlobalSection(SolutionProperties) = preSolution
		HideSolutionNode = FALSE
	EndGlobalSection
	GlobalSection(ExtensibilityGlobals) = postSolution
		SolutionGuid = {5337E2C6-2F38-4EA2-BCA2-39026BF64408}
	EndGlobalSection
EndGlobal
